// !$*UTF8*$!
{
	archiveVersion = 1;
	classes = {
	};
	objectVersion = 46;
	objects = {

/* Begin PBXBuildFile section */
		173390D93C0D279C1A47C795 /* Pods_CellularLocalStorage_watchOS.framework in Frameworks */ = {isa = PBXBuildFile; fileRef = 0E0D6F2E218A59EA06B0C0B5 /* Pods_CellularLocalStorage_watchOS.framework */; };
		775DE459B3130A8AAA61056F /* Pods_CellularLocalStorage_iOS.framework in Frameworks */ = {isa = PBXBuildFile; fileRef = 3364F7B6BF07E49030C8D3EA /* Pods_CellularLocalStorage_iOS.framework */; };
		C42BAC771E5B5046000E2FCE /* Decoder.swift in Sources */ = {isa = PBXBuildFile; fileRef = C46947E81E5B4A1B00875E77 /* Decoder.swift */; };
		C42BAC791E5B5046000E2FCE /* Encoder.swift in Sources */ = {isa = PBXBuildFile; fileRef = C46947EB1E5B4A1B00875E77 /* Encoder.swift */; };
		C42BAC7B1E5B5046000E2FCE /* Error.swift in Sources */ = {isa = PBXBuildFile; fileRef = C46947EE1E5B4A1B00875E77 /* Error.swift */; };
		C42BAC7E1E5B5046000E2FCE /* AsyncManager.swift in Sources */ = {isa = PBXBuildFile; fileRef = C46947F51E5B4A1B00875E77 /* AsyncManager.swift */; };
		C42BAC7F1E5B5046000E2FCE /* Manager.swift in Sources */ = {isa = PBXBuildFile; fileRef = C46947F61E5B4A1B00875E77 /* Manager.swift */; };
		C42BAC821E5B5046000E2FCE /* CachedStorage.swift in Sources */ = {isa = PBXBuildFile; fileRef = C46947FC1E5B4A1B00875E77 /* CachedStorage.swift */; };
		C42BAC831E5B5046000E2FCE /* Storage.swift in Sources */ = {isa = PBXBuildFile; fileRef = C46947FD1E5B4A1B00875E77 /* Storage.swift */; };
		C42BAC841E5B5046000E2FCE /* UserDefaultsStorage.swift in Sources */ = {isa = PBXBuildFile; fileRef = C46947FE1E5B4A1B00875E77 /* UserDefaultsStorage.swift */; };
		C42BAC891E5B5182000E2FCE /* CellularLocalStorage.h in Headers */ = {isa = PBXBuildFile; fileRef = C42BAC871E5B5182000E2FCE /* CellularLocalStorage.h */; settings = {ATTRIBUTES = (Public, ); }; };
		C494A78A58DA0F536876FA18 /* Pods_CellularLocalStorageTests_iOS.framework in Frameworks */ = {isa = PBXBuildFile; fileRef = BB535CAA8727E8DE11E2468E /* Pods_CellularLocalStorageTests_iOS.framework */; };
		C4A2D85E207F8C3500FE4C56 /* NativeDecoder.swift in Sources */ = {isa = PBXBuildFile; fileRef = C48E17FC1F30CF7C00347353 /* NativeDecoder.swift */; };
		C4A2D85F207F8C3500FE4C56 /* NativeDecoder.swift in Sources */ = {isa = PBXBuildFile; fileRef = C48E17FC1F30CF7C00347353 /* NativeDecoder.swift */; };
		C4A2D860207F8C3500FE4C56 /* NativeDecoder.swift in Sources */ = {isa = PBXBuildFile; fileRef = C48E17FC1F30CF7C00347353 /* NativeDecoder.swift */; };
		C4A2D861207F8C3E00FE4C56 /* NativeEncoder.swift in Sources */ = {isa = PBXBuildFile; fileRef = C4E325761F31BF28000D2052 /* NativeEncoder.swift */; };
		C4A2D862207F8C3E00FE4C56 /* NativeEncoder.swift in Sources */ = {isa = PBXBuildFile; fileRef = C4E325761F31BF28000D2052 /* NativeEncoder.swift */; };
		C4A2D864207F8C8200FE4C56 /* FileStorage.swift in Sources */ = {isa = PBXBuildFile; fileRef = C4A2D863207F8C8200FE4C56 /* FileStorage.swift */; };
		C4A2D865207F8C8200FE4C56 /* FileStorage.swift in Sources */ = {isa = PBXBuildFile; fileRef = C4A2D863207F8C8200FE4C56 /* FileStorage.swift */; };
		C4A2D866207F8C8200FE4C56 /* FileStorage.swift in Sources */ = {isa = PBXBuildFile; fileRef = C4A2D863207F8C8200FE4C56 /* FileStorage.swift */; };
		C4AADA0F1E5C36EB0026EB7A /* UnboxDecoder.swift in Sources */ = {isa = PBXBuildFile; fileRef = C4AADA0C1E5C36EB0026EB7A /* UnboxDecoder.swift */; };
		C4AADA101E5C36EB0026EB7A /* WrapEncoder.swift in Sources */ = {isa = PBXBuildFile; fileRef = C4AADA0E1E5C36EB0026EB7A /* WrapEncoder.swift */; };
		C4AADA181E5C43390026EB7A /* AppDelegate.swift in Sources */ = {isa = PBXBuildFile; fileRef = C4AADA171E5C43390026EB7A /* AppDelegate.swift */; };
		C4AADA1A1E5C43390026EB7A /* ViewController.swift in Sources */ = {isa = PBXBuildFile; fileRef = C4AADA191E5C43390026EB7A /* ViewController.swift */; };
		C4AADA1D1E5C43390026EB7A /* Main.storyboard in Resources */ = {isa = PBXBuildFile; fileRef = C4AADA1B1E5C43390026EB7A /* Main.storyboard */; };
		C4AADA1F1E5C43390026EB7A /* Assets.xcassets in Resources */ = {isa = PBXBuildFile; fileRef = C4AADA1E1E5C43390026EB7A /* Assets.xcassets */; };
		C4AADA221E5C43390026EB7A /* LaunchScreen.storyboard in Resources */ = {isa = PBXBuildFile; fileRef = C4AADA201E5C43390026EB7A /* LaunchScreen.storyboard */; };
		C4C84E671E966B8900D53AFD /* CellularLocalStorage.h in Headers */ = {isa = PBXBuildFile; fileRef = C42BAC871E5B5182000E2FCE /* CellularLocalStorage.h */; settings = {ATTRIBUTES = (Public, ); }; };
		C4C84E681E966B9500D53AFD /* CellularLocalStorage.h in Headers */ = {isa = PBXBuildFile; fileRef = C42BAC871E5B5182000E2FCE /* CellularLocalStorage.h */; settings = {ATTRIBUTES = (Public, ); }; };
		C4C84E691E966C9F00D53AFD /* WrapEncoder.swift in Sources */ = {isa = PBXBuildFile; fileRef = C4AADA0E1E5C36EB0026EB7A /* WrapEncoder.swift */; };
		C4C84E6A1E966C9F00D53AFD /* WrapEncoder.swift in Sources */ = {isa = PBXBuildFile; fileRef = C4AADA0E1E5C36EB0026EB7A /* WrapEncoder.swift */; };
		C4C84E6B1E96708B00D53AFD /* Decoder.swift in Sources */ = {isa = PBXBuildFile; fileRef = C46947E81E5B4A1B00875E77 /* Decoder.swift */; };
		C4C84E6C1E96708B00D53AFD /* Encoder.swift in Sources */ = {isa = PBXBuildFile; fileRef = C46947EB1E5B4A1B00875E77 /* Encoder.swift */; };
		C4C84E6D1E96708B00D53AFD /* Error.swift in Sources */ = {isa = PBXBuildFile; fileRef = C46947EE1E5B4A1B00875E77 /* Error.swift */; };
		C4C84E701E96708B00D53AFD /* AsyncManager.swift in Sources */ = {isa = PBXBuildFile; fileRef = C46947F51E5B4A1B00875E77 /* AsyncManager.swift */; };
		C4C84E711E96708B00D53AFD /* Manager.swift in Sources */ = {isa = PBXBuildFile; fileRef = C46947F61E5B4A1B00875E77 /* Manager.swift */; };
		C4C84E741E96708B00D53AFD /* CachedStorage.swift in Sources */ = {isa = PBXBuildFile; fileRef = C46947FC1E5B4A1B00875E77 /* CachedStorage.swift */; };
		C4C84E751E96708B00D53AFD /* Storage.swift in Sources */ = {isa = PBXBuildFile; fileRef = C46947FD1E5B4A1B00875E77 /* Storage.swift */; };
		C4C84E761E96708B00D53AFD /* UserDefaultsStorage.swift in Sources */ = {isa = PBXBuildFile; fileRef = C46947FE1E5B4A1B00875E77 /* UserDefaultsStorage.swift */; };
		C4C84E771E96708B00D53AFD /* UnboxDecoder.swift in Sources */ = {isa = PBXBuildFile; fileRef = C4AADA0C1E5C36EB0026EB7A /* UnboxDecoder.swift */; };
		C4C84E781E96708C00D53AFD /* Decoder.swift in Sources */ = {isa = PBXBuildFile; fileRef = C46947E81E5B4A1B00875E77 /* Decoder.swift */; };
		C4C84E791E96708C00D53AFD /* Encoder.swift in Sources */ = {isa = PBXBuildFile; fileRef = C46947EB1E5B4A1B00875E77 /* Encoder.swift */; };
		C4C84E7A1E96708C00D53AFD /* Error.swift in Sources */ = {isa = PBXBuildFile; fileRef = C46947EE1E5B4A1B00875E77 /* Error.swift */; };
		C4C84E7D1E96708C00D53AFD /* AsyncManager.swift in Sources */ = {isa = PBXBuildFile; fileRef = C46947F51E5B4A1B00875E77 /* AsyncManager.swift */; };
		C4C84E7E1E96708C00D53AFD /* Manager.swift in Sources */ = {isa = PBXBuildFile; fileRef = C46947F61E5B4A1B00875E77 /* Manager.swift */; };
		C4C84E811E96708C00D53AFD /* CachedStorage.swift in Sources */ = {isa = PBXBuildFile; fileRef = C46947FC1E5B4A1B00875E77 /* CachedStorage.swift */; };
		C4C84E821E96708C00D53AFD /* Storage.swift in Sources */ = {isa = PBXBuildFile; fileRef = C46947FD1E5B4A1B00875E77 /* Storage.swift */; };
		C4C84E831E96708C00D53AFD /* UserDefaultsStorage.swift in Sources */ = {isa = PBXBuildFile; fileRef = C46947FE1E5B4A1B00875E77 /* UserDefaultsStorage.swift */; };
		C4C84E841E96708C00D53AFD /* UnboxDecoder.swift in Sources */ = {isa = PBXBuildFile; fileRef = C4AADA0C1E5C36EB0026EB7A /* UnboxDecoder.swift */; };
		C4E325771F31BF28000D2052 /* NativeEncoder.swift in Sources */ = {isa = PBXBuildFile; fileRef = C4E325761F31BF28000D2052 /* NativeEncoder.swift */; };
		C4F786DD226F2B3F0064CBB0 /* LocalStorage.framework in Frameworks */ = {isa = PBXBuildFile; fileRef = C42BAC601E5B4FEA000E2FCE /* LocalStorage.framework */; };
		C4F786E5226F2B630064CBB0 /* TestStorage.swift in Sources */ = {isa = PBXBuildFile; fileRef = 607FACEB1AFB9204008FA782 /* TestStorage.swift */; };
		C4F786E6226F2B660064CBB0 /* TestDecodingEncoding.swift in Sources */ = {isa = PBXBuildFile; fileRef = C47E94461E6DC4C60067E67A /* TestDecodingEncoding.swift */; };
		C4F786E7226F2B690064CBB0 /* TestPerformance.swift in Sources */ = {isa = PBXBuildFile; fileRef = C421487C1E6DC680009D03B6 /* TestPerformance.swift */; };
		C4F786E8226F2B690064CBB0 /* User.swift in Sources */ = {isa = PBXBuildFile; fileRef = C47E94491E6DC5FB0067E67A /* User.swift */; };
		C4F786E9226F2B690064CBB0 /* TestManager.swift in Sources */ = {isa = PBXBuildFile; fileRef = C4B717271F2742890071878D /* TestManager.swift */; };
		C4F786EA226F2B690064CBB0 /* TestAsyncManager.swift in Sources */ = {isa = PBXBuildFile; fileRef = C468E52B1F4EC100009D2D91 /* TestAsyncManager.swift */; };
		C4F786F8226F343E0064CBB0 /* LocalStorage.framework in Frameworks */ = {isa = PBXBuildFile; fileRef = C4C84E521E966A8E00D53AFD /* LocalStorage.framework */; };
		C4F78705226F34930064CBB0 /* AppDelegate.swift in Sources */ = {isa = PBXBuildFile; fileRef = C4F78704226F34930064CBB0 /* AppDelegate.swift */; };
		C4F78707226F34930064CBB0 /* ViewController.swift in Sources */ = {isa = PBXBuildFile; fileRef = C4F78706226F34930064CBB0 /* ViewController.swift */; };
		C4F7870A226F34930064CBB0 /* Main.storyboard in Resources */ = {isa = PBXBuildFile; fileRef = C4F78708226F34930064CBB0 /* Main.storyboard */; };
		C4F7870C226F34950064CBB0 /* Assets.xcassets in Resources */ = {isa = PBXBuildFile; fileRef = C4F7870B226F34950064CBB0 /* Assets.xcassets */; };
		C4F78713226F352D0064CBB0 /* TestStorage.swift in Sources */ = {isa = PBXBuildFile; fileRef = 607FACEB1AFB9204008FA782 /* TestStorage.swift */; };
		C4F78714226F352D0064CBB0 /* TestDecodingEncoding.swift in Sources */ = {isa = PBXBuildFile; fileRef = C47E94461E6DC4C60067E67A /* TestDecodingEncoding.swift */; };
		C4F78715226F352D0064CBB0 /* TestPerformance.swift in Sources */ = {isa = PBXBuildFile; fileRef = C421487C1E6DC680009D03B6 /* TestPerformance.swift */; };
		C4F78716226F352D0064CBB0 /* User.swift in Sources */ = {isa = PBXBuildFile; fileRef = C47E94491E6DC5FB0067E67A /* User.swift */; };
		C4F78717226F352D0064CBB0 /* TestManager.swift in Sources */ = {isa = PBXBuildFile; fileRef = C4B717271F2742890071878D /* TestManager.swift */; };
		C4F78718226F352D0064CBB0 /* TestAsyncManager.swift in Sources */ = {isa = PBXBuildFile; fileRef = C468E52B1F4EC100009D2D91 /* TestAsyncManager.swift */; };
		C4FE25E81F4DD52A00391C52 /* MemoryStorage.swift in Sources */ = {isa = PBXBuildFile; fileRef = C4FE25E71F4DD52A00391C52 /* MemoryStorage.swift */; };
		C4FE25E91F4DD52A00391C52 /* MemoryStorage.swift in Sources */ = {isa = PBXBuildFile; fileRef = C4FE25E71F4DD52A00391C52 /* MemoryStorage.swift */; };
		C4FE25EA1F4DD52A00391C52 /* MemoryStorage.swift in Sources */ = {isa = PBXBuildFile; fileRef = C4FE25E71F4DD52A00391C52 /* MemoryStorage.swift */; };
		D5192DBDD591713B77028EA2 /* Pods_CellularLocalStorage_tvOS.framework in Frameworks */ = {isa = PBXBuildFile; fileRef = B72D88466C1DDED8F22894DD /* Pods_CellularLocalStorage_tvOS.framework */; };
		EF4ACEDAF29174F1250A7E0B /* Pods_CellularLocalStorageTests_tvOS.framework in Frameworks */ = {isa = PBXBuildFile; fileRef = F7EC70DE22385E1C6F4AE9BC /* Pods_CellularLocalStorageTests_tvOS.framework */; };
/* End PBXBuildFile section */

/* Begin PBXContainerItemProxy section */
		C4F786DE226F2B3F0064CBB0 /* PBXContainerItemProxy */ = {
			isa = PBXContainerItemProxy;
			containerPortal = 607FACC81AFB9204008FA782 /* Project object */;
			proxyType = 1;
			remoteGlobalIDString = C42BAC5F1E5B4FEA000E2FCE;
			remoteInfo = "CellularLocalStorage iOS";
		};
		C4F786EB226F2C9C0064CBB0 /* PBXContainerItemProxy */ = {
			isa = PBXContainerItemProxy;
			containerPortal = 607FACC81AFB9204008FA782 /* Project object */;
			proxyType = 1;
			remoteGlobalIDString = C4AADA141E5C43380026EB7A;
			remoteInfo = CellularLocalStorageTestHost;
		};
		C4F786F9226F343E0064CBB0 /* PBXContainerItemProxy */ = {
			isa = PBXContainerItemProxy;
			containerPortal = 607FACC81AFB9204008FA782 /* Project object */;
			proxyType = 1;
			remoteGlobalIDString = C4C84E511E966A8E00D53AFD;
			remoteInfo = "CellularLocalStorage tvOS";
		};
		C4F78711226F34B90064CBB0 /* PBXContainerItemProxy */ = {
			isa = PBXContainerItemProxy;
			containerPortal = 607FACC81AFB9204008FA782 /* Project object */;
			proxyType = 1;
			remoteGlobalIDString = C4F78701226F34930064CBB0;
			remoteInfo = "CellularLocalStorageTestHost tvOS";
		};
/* End PBXContainerItemProxy section */

/* Begin PBXFileReference section */
		0C54E0867C04699BD12B70C9 /* Pods-CellularLocalStorageTests iOS.debug.xcconfig */ = {isa = PBXFileReference; includeInIndex = 1; lastKnownFileType = text.xcconfig; name = "Pods-CellularLocalStorageTests iOS.debug.xcconfig"; path = "Target Support Files/Pods-CellularLocalStorageTests iOS/Pods-CellularLocalStorageTests iOS.debug.xcconfig"; sourceTree = "<group>"; };
		0E0D6F2E218A59EA06B0C0B5 /* Pods_CellularLocalStorage_watchOS.framework */ = {isa = PBXFileReference; explicitFileType = wrapper.framework; includeInIndex = 0; path = Pods_CellularLocalStorage_watchOS.framework; sourceTree = BUILT_PRODUCTS_DIR; };
		113F56FD2074FBF900574D94 /* FileStorage.swift */ = {isa = PBXFileReference; lastKnownFileType = sourcecode.swift; path = FileStorage.swift; sourceTree = "<group>"; };
		218A69F7B98659244EE7207F /* Pods-CellularLocalStorageTests tvOS.release.xcconfig */ = {isa = PBXFileReference; includeInIndex = 1; lastKnownFileType = text.xcconfig; name = "Pods-CellularLocalStorageTests tvOS.release.xcconfig"; path = "Target Support Files/Pods-CellularLocalStorageTests tvOS/Pods-CellularLocalStorageTests tvOS.release.xcconfig"; sourceTree = "<group>"; };
		3364F7B6BF07E49030C8D3EA /* Pods_CellularLocalStorage_iOS.framework */ = {isa = PBXFileReference; explicitFileType = wrapper.framework; includeInIndex = 0; path = Pods_CellularLocalStorage_iOS.framework; sourceTree = BUILT_PRODUCTS_DIR; };
		3BD1E584625D19DB173855BD /* Pods-CellularLocalStorage iOS.release.xcconfig */ = {isa = PBXFileReference; includeInIndex = 1; lastKnownFileType = text.xcconfig; name = "Pods-CellularLocalStorage iOS.release.xcconfig"; path = "Target Support Files/Pods-CellularLocalStorage iOS/Pods-CellularLocalStorage iOS.release.xcconfig"; sourceTree = "<group>"; };
		5BFE867D71CA85A6EFC42815 /* Pods-CellularLocalStorage tvOS.debug.xcconfig */ = {isa = PBXFileReference; includeInIndex = 1; lastKnownFileType = text.xcconfig; name = "Pods-CellularLocalStorage tvOS.debug.xcconfig"; path = "Target Support Files/Pods-CellularLocalStorage tvOS/Pods-CellularLocalStorage tvOS.debug.xcconfig"; sourceTree = "<group>"; };
		5D0798B6D2134687B8D2E7A9 /* Pods-CellularLocalStorage watchOS.debug.xcconfig */ = {isa = PBXFileReference; includeInIndex = 1; lastKnownFileType = text.xcconfig; name = "Pods-CellularLocalStorage watchOS.debug.xcconfig"; path = "Target Support Files/Pods-CellularLocalStorage watchOS/Pods-CellularLocalStorage watchOS.debug.xcconfig"; sourceTree = "<group>"; };
		607FACEB1AFB9204008FA782 /* TestStorage.swift */ = {isa = PBXFileReference; lastKnownFileType = sourcecode.swift; path = TestStorage.swift; sourceTree = "<group>"; };
		68B5871277A1F2EC778D224C /* Pods-CellularLocalStorage tvOS.release.xcconfig */ = {isa = PBXFileReference; includeInIndex = 1; lastKnownFileType = text.xcconfig; name = "Pods-CellularLocalStorage tvOS.release.xcconfig"; path = "Target Support Files/Pods-CellularLocalStorage tvOS/Pods-CellularLocalStorage tvOS.release.xcconfig"; sourceTree = "<group>"; };
		7ED0B3BF1E2434AF005870C5 /* Unbox.framework */ = {isa = PBXFileReference; lastKnownFileType = wrapper.framework; name = Unbox.framework; path = "../../../../Library/Developer/Xcode/DerivedData/CellularLocalStorage-enhrmbftdexgggaonryhnufolama/Build/Products/Debug-iphonesimulator/Unbox/Unbox.framework"; sourceTree = "<group>"; };
		7ED0B3C01E2434AF005870C5 /* Wrap.framework */ = {isa = PBXFileReference; lastKnownFileType = wrapper.framework; name = Wrap.framework; path = "../../../../Library/Developer/Xcode/DerivedData/CellularLocalStorage-enhrmbftdexgggaonryhnufolama/Build/Products/Debug-iphonesimulator/Wrap/Wrap.framework"; sourceTree = "<group>"; };
		7ED0B3C31E2434D0005870C5 /* LocalStorage.framework */ = {isa = PBXFileReference; lastKnownFileType = wrapper.framework; name = LocalStorage.framework; path = "../../../../Library/Developer/Xcode/DerivedData/CellularLocalStorage-enhrmbftdexgggaonryhnufolama/Build/Products/Debug-iphonesimulator/CellularLocalStorage/LocalStorage.framework"; sourceTree = "<group>"; };
		A614149A8835ED0628956985 /* Pods-CellularLocalStorage watchOS.release.xcconfig */ = {isa = PBXFileReference; includeInIndex = 1; lastKnownFileType = text.xcconfig; name = "Pods-CellularLocalStorage watchOS.release.xcconfig"; path = "Target Support Files/Pods-CellularLocalStorage watchOS/Pods-CellularLocalStorage watchOS.release.xcconfig"; sourceTree = "<group>"; };
		B72D88466C1DDED8F22894DD /* Pods_CellularLocalStorage_tvOS.framework */ = {isa = PBXFileReference; explicitFileType = wrapper.framework; includeInIndex = 0; path = Pods_CellularLocalStorage_tvOS.framework; sourceTree = BUILT_PRODUCTS_DIR; };
		BB535CAA8727E8DE11E2468E /* Pods_CellularLocalStorageTests_iOS.framework */ = {isa = PBXFileReference; explicitFileType = wrapper.framework; includeInIndex = 0; path = Pods_CellularLocalStorageTests_iOS.framework; sourceTree = BUILT_PRODUCTS_DIR; };
		C00D3C228B79FAAF791C8AA7 /* Pods-CellularLocalStorage iOS.debug.xcconfig */ = {isa = PBXFileReference; includeInIndex = 1; lastKnownFileType = text.xcconfig; name = "Pods-CellularLocalStorage iOS.debug.xcconfig"; path = "Target Support Files/Pods-CellularLocalStorage iOS/Pods-CellularLocalStorage iOS.debug.xcconfig"; sourceTree = "<group>"; };
		C421487C1E6DC680009D03B6 /* TestPerformance.swift */ = {isa = PBXFileReference; fileEncoding = 4; lastKnownFileType = sourcecode.swift; path = TestPerformance.swift; sourceTree = "<group>"; };
		C42BAC601E5B4FEA000E2FCE /* LocalStorage.framework */ = {isa = PBXFileReference; explicitFileType = wrapper.framework; includeInIndex = 0; path = LocalStorage.framework; sourceTree = BUILT_PRODUCTS_DIR; };
		C42BAC871E5B5182000E2FCE /* CellularLocalStorage.h */ = {isa = PBXFileReference; fileEncoding = 4; lastKnownFileType = sourcecode.c.h; path = CellularLocalStorage.h; sourceTree = "<group>"; };
		C42BAC881E5B5182000E2FCE /* Info.plist */ = {isa = PBXFileReference; fileEncoding = 4; lastKnownFileType = text.plist.xml; path = Info.plist; sourceTree = "<group>"; };
		C468E52B1F4EC100009D2D91 /* TestAsyncManager.swift */ = {isa = PBXFileReference; fileEncoding = 4; lastKnownFileType = sourcecode.swift; path = TestAsyncManager.swift; sourceTree = "<group>"; };
		C46947E81E5B4A1B00875E77 /* Decoder.swift */ = {isa = PBXFileReference; fileEncoding = 4; lastKnownFileType = sourcecode.swift; path = Decoder.swift; sourceTree = "<group>"; };
		C46947EB1E5B4A1B00875E77 /* Encoder.swift */ = {isa = PBXFileReference; fileEncoding = 4; lastKnownFileType = sourcecode.swift; path = Encoder.swift; sourceTree = "<group>"; };
		C46947EE1E5B4A1B00875E77 /* Error.swift */ = {isa = PBXFileReference; fileEncoding = 4; lastKnownFileType = sourcecode.swift; path = Error.swift; sourceTree = "<group>"; };
		C46947F51E5B4A1B00875E77 /* AsyncManager.swift */ = {isa = PBXFileReference; fileEncoding = 4; lastKnownFileType = sourcecode.swift; path = AsyncManager.swift; sourceTree = "<group>"; };
		C46947F61E5B4A1B00875E77 /* Manager.swift */ = {isa = PBXFileReference; fileEncoding = 4; lastKnownFileType = sourcecode.swift; path = Manager.swift; sourceTree = "<group>"; };
		C46947FC1E5B4A1B00875E77 /* CachedStorage.swift */ = {isa = PBXFileReference; fileEncoding = 4; lastKnownFileType = sourcecode.swift; path = CachedStorage.swift; sourceTree = "<group>"; };
		C46947FD1E5B4A1B00875E77 /* Storage.swift */ = {isa = PBXFileReference; fileEncoding = 4; lastKnownFileType = sourcecode.swift; path = Storage.swift; sourceTree = "<group>"; };
		C46947FE1E5B4A1B00875E77 /* UserDefaultsStorage.swift */ = {isa = PBXFileReference; fileEncoding = 4; lastKnownFileType = sourcecode.swift; path = UserDefaultsStorage.swift; sourceTree = "<group>"; };
		C47E94461E6DC4C60067E67A /* TestDecodingEncoding.swift */ = {isa = PBXFileReference; fileEncoding = 4; lastKnownFileType = sourcecode.swift; path = TestDecodingEncoding.swift; sourceTree = "<group>"; };
		C47E94491E6DC5FB0067E67A /* User.swift */ = {isa = PBXFileReference; fileEncoding = 4; lastKnownFileType = sourcecode.swift; path = User.swift; sourceTree = "<group>"; };
		C48E17FC1F30CF7C00347353 /* NativeDecoder.swift */ = {isa = PBXFileReference; lastKnownFileType = sourcecode.swift; path = NativeDecoder.swift; sourceTree = "<group>"; };
		C4A2D863207F8C8200FE4C56 /* FileStorage.swift */ = {isa = PBXFileReference; fileEncoding = 4; lastKnownFileType = sourcecode.swift; path = FileStorage.swift; sourceTree = "<group>"; };
		C4AADA0C1E5C36EB0026EB7A /* UnboxDecoder.swift */ = {isa = PBXFileReference; fileEncoding = 4; lastKnownFileType = sourcecode.swift; path = UnboxDecoder.swift; sourceTree = "<group>"; };
		C4AADA0E1E5C36EB0026EB7A /* WrapEncoder.swift */ = {isa = PBXFileReference; fileEncoding = 4; lastKnownFileType = sourcecode.swift; path = WrapEncoder.swift; sourceTree = "<group>"; };
		C4AADA151E5C43380026EB7A /* CellularLocalStorageTestHost iOS.app */ = {isa = PBXFileReference; explicitFileType = wrapper.application; includeInIndex = 0; path = "CellularLocalStorageTestHost iOS.app"; sourceTree = BUILT_PRODUCTS_DIR; };
		C4AADA171E5C43390026EB7A /* AppDelegate.swift */ = {isa = PBXFileReference; lastKnownFileType = sourcecode.swift; path = AppDelegate.swift; sourceTree = "<group>"; };
		C4AADA191E5C43390026EB7A /* ViewController.swift */ = {isa = PBXFileReference; lastKnownFileType = sourcecode.swift; path = ViewController.swift; sourceTree = "<group>"; };
		C4AADA1C1E5C43390026EB7A /* Base */ = {isa = PBXFileReference; lastKnownFileType = file.storyboard; name = Base; path = Base.lproj/Main.storyboard; sourceTree = "<group>"; };
		C4AADA1E1E5C43390026EB7A /* Assets.xcassets */ = {isa = PBXFileReference; lastKnownFileType = folder.assetcatalog; path = Assets.xcassets; sourceTree = "<group>"; };
		C4AADA211E5C43390026EB7A /* Base */ = {isa = PBXFileReference; lastKnownFileType = file.storyboard; name = Base; path = Base.lproj/LaunchScreen.storyboard; sourceTree = "<group>"; };
		C4AADA231E5C43390026EB7A /* Info.plist */ = {isa = PBXFileReference; lastKnownFileType = text.plist.xml; path = Info.plist; sourceTree = "<group>"; };
		C4B717271F2742890071878D /* TestManager.swift */ = {isa = PBXFileReference; fileEncoding = 4; lastKnownFileType = sourcecode.swift; path = TestManager.swift; sourceTree = "<group>"; };
		C4C84E521E966A8E00D53AFD /* LocalStorage.framework */ = {isa = PBXFileReference; explicitFileType = wrapper.framework; includeInIndex = 0; path = LocalStorage.framework; sourceTree = BUILT_PRODUCTS_DIR; };
		C4C84E5F1E966ABD00D53AFD /* LocalStorage.framework */ = {isa = PBXFileReference; explicitFileType = wrapper.framework; includeInIndex = 0; path = LocalStorage.framework; sourceTree = BUILT_PRODUCTS_DIR; };
		C4E325761F31BF28000D2052 /* NativeEncoder.swift */ = {isa = PBXFileReference; lastKnownFileType = sourcecode.swift; path = NativeEncoder.swift; sourceTree = "<group>"; };
		C4F786D8226F2B3F0064CBB0 /* CellularLocalStorageTests iOS.xctest */ = {isa = PBXFileReference; explicitFileType = wrapper.cfbundle; includeInIndex = 0; path = "CellularLocalStorageTests iOS.xctest"; sourceTree = BUILT_PRODUCTS_DIR; };
		C4F786DC226F2B3F0064CBB0 /* Info.plist */ = {isa = PBXFileReference; lastKnownFileType = text.plist.xml; path = Info.plist; sourceTree = "<group>"; };
		C4F786F3226F343E0064CBB0 /* CellularLocalStorageTests tvOS.xctest */ = {isa = PBXFileReference; explicitFileType = wrapper.cfbundle; includeInIndex = 0; path = "CellularLocalStorageTests tvOS.xctest"; sourceTree = BUILT_PRODUCTS_DIR; };
		C4F786F7226F343E0064CBB0 /* Info.plist */ = {isa = PBXFileReference; lastKnownFileType = text.plist.xml; path = Info.plist; sourceTree = "<group>"; };
		C4F78702226F34930064CBB0 /* CellularLocalStorageTestHost tvOS.app */ = {isa = PBXFileReference; explicitFileType = wrapper.application; includeInIndex = 0; path = "CellularLocalStorageTestHost tvOS.app"; sourceTree = BUILT_PRODUCTS_DIR; };
		C4F78704226F34930064CBB0 /* AppDelegate.swift */ = {isa = PBXFileReference; lastKnownFileType = sourcecode.swift; path = AppDelegate.swift; sourceTree = "<group>"; };
		C4F78706226F34930064CBB0 /* ViewController.swift */ = {isa = PBXFileReference; lastKnownFileType = sourcecode.swift; path = ViewController.swift; sourceTree = "<group>"; };
		C4F78709226F34930064CBB0 /* Base */ = {isa = PBXFileReference; lastKnownFileType = file.storyboard; name = Base; path = Base.lproj/Main.storyboard; sourceTree = "<group>"; };
		C4F7870B226F34950064CBB0 /* Assets.xcassets */ = {isa = PBXFileReference; lastKnownFileType = folder.assetcatalog; path = Assets.xcassets; sourceTree = "<group>"; };
		C4F7870D226F34950064CBB0 /* Info.plist */ = {isa = PBXFileReference; lastKnownFileType = text.plist.xml; path = Info.plist; sourceTree = "<group>"; };
		C4FE25E71F4DD52A00391C52 /* MemoryStorage.swift */ = {isa = PBXFileReference; fileEncoding = 4; lastKnownFileType = sourcecode.swift; path = MemoryStorage.swift; sourceTree = "<group>"; };
		E5B51C0EC12F8C9269243379 /* Pods-CellularLocalStorageTests iOS.release.xcconfig */ = {isa = PBXFileReference; includeInIndex = 1; lastKnownFileType = text.xcconfig; name = "Pods-CellularLocalStorageTests iOS.release.xcconfig"; path = "Target Support Files/Pods-CellularLocalStorageTests iOS/Pods-CellularLocalStorageTests iOS.release.xcconfig"; sourceTree = "<group>"; };
		E8924BE57A32A322E8FE9679 /* Pods-CellularLocalStorageTests tvOS.debug.xcconfig */ = {isa = PBXFileReference; includeInIndex = 1; lastKnownFileType = text.xcconfig; name = "Pods-CellularLocalStorageTests tvOS.debug.xcconfig"; path = "Target Support Files/Pods-CellularLocalStorageTests tvOS/Pods-CellularLocalStorageTests tvOS.debug.xcconfig"; sourceTree = "<group>"; };
		F7EC70DE22385E1C6F4AE9BC /* Pods_CellularLocalStorageTests_tvOS.framework */ = {isa = PBXFileReference; explicitFileType = wrapper.framework; includeInIndex = 0; path = Pods_CellularLocalStorageTests_tvOS.framework; sourceTree = BUILT_PRODUCTS_DIR; };
/* End PBXFileReference section */

/* Begin PBXFrameworksBuildPhase section */
		C42BAC5C1E5B4FEA000E2FCE /* Frameworks */ = {
			isa = PBXFrameworksBuildPhase;
			buildActionMask = 2147483647;
			files = (
				775DE459B3130A8AAA61056F /* Pods_CellularLocalStorage_iOS.framework in Frameworks */,
			);
			runOnlyForDeploymentPostprocessing = 0;
		};
		C4AADA121E5C43380026EB7A /* Frameworks */ = {
			isa = PBXFrameworksBuildPhase;
			buildActionMask = 2147483647;
			files = (
			);
			runOnlyForDeploymentPostprocessing = 0;
		};
		C4C84E4E1E966A8E00D53AFD /* Frameworks */ = {
			isa = PBXFrameworksBuildPhase;
			buildActionMask = 2147483647;
			files = (
				D5192DBDD591713B77028EA2 /* Pods_CellularLocalStorage_tvOS.framework in Frameworks */,
			);
			runOnlyForDeploymentPostprocessing = 0;
		};
		C4C84E5B1E966ABD00D53AFD /* Frameworks */ = {
			isa = PBXFrameworksBuildPhase;
			buildActionMask = 2147483647;
			files = (
				173390D93C0D279C1A47C795 /* Pods_CellularLocalStorage_watchOS.framework in Frameworks */,
			);
			runOnlyForDeploymentPostprocessing = 0;
		};
		C4F786D5226F2B3F0064CBB0 /* Frameworks */ = {
			isa = PBXFrameworksBuildPhase;
			buildActionMask = 2147483647;
			files = (
				C4F786DD226F2B3F0064CBB0 /* LocalStorage.framework in Frameworks */,
				C494A78A58DA0F536876FA18 /* Pods_CellularLocalStorageTests_iOS.framework in Frameworks */,
			);
			runOnlyForDeploymentPostprocessing = 0;
		};
		C4F786F0226F343E0064CBB0 /* Frameworks */ = {
			isa = PBXFrameworksBuildPhase;
			buildActionMask = 2147483647;
			files = (
				C4F786F8226F343E0064CBB0 /* LocalStorage.framework in Frameworks */,
				EF4ACEDAF29174F1250A7E0B /* Pods_CellularLocalStorageTests_tvOS.framework in Frameworks */,
			);
			runOnlyForDeploymentPostprocessing = 0;
		};
		C4F786FF226F34930064CBB0 /* Frameworks */ = {
			isa = PBXFrameworksBuildPhase;
			buildActionMask = 2147483647;
			files = (
			);
			runOnlyForDeploymentPostprocessing = 0;
		};
/* End PBXFrameworksBuildPhase section */

/* Begin PBXGroup section */
		607FACC71AFB9204008FA782 = {
			isa = PBXGroup;
			children = (
				C46947E51E5B4A1B00875E77 /* Source */,
				607FACE81AFB9204008FA782 /* Shared Tests */,
				C4AADA161E5C43390026EB7A /* CellularLocalStorageTestHost iOS */,
				C4F786D9226F2B3F0064CBB0 /* CellularLocalStorageTests iOS */,
				C4F786F4226F343E0064CBB0 /* CellularLocalStorageTests tvOS */,
				C4F78703226F34930064CBB0 /* CellularLocalStorageTestHost tvOS */,
				607FACD11AFB9204008FA782 /* Products */,
				CB328378A376CBA9B5927BCC /* Frameworks */,
				C42BAC861E5B5182000E2FCE /* Supporting */,
				71FE241186EB9D582FB77B3E /* Pods */,
			);
			sourceTree = "<group>";
		};
		607FACD11AFB9204008FA782 /* Products */ = {
			isa = PBXGroup;
			children = (
				C42BAC601E5B4FEA000E2FCE /* LocalStorage.framework */,
				C4AADA151E5C43380026EB7A /* CellularLocalStorageTestHost iOS.app */,
				C4C84E521E966A8E00D53AFD /* LocalStorage.framework */,
				C4C84E5F1E966ABD00D53AFD /* LocalStorage.framework */,
				C4F786D8226F2B3F0064CBB0 /* CellularLocalStorageTests iOS.xctest */,
				C4F786F3226F343E0064CBB0 /* CellularLocalStorageTests tvOS.xctest */,
				C4F78702226F34930064CBB0 /* CellularLocalStorageTestHost tvOS.app */,
			);
			name = Products;
			sourceTree = "<group>";
		};
		607FACE81AFB9204008FA782 /* Shared Tests */ = {
			isa = PBXGroup;
			children = (
				607FACEB1AFB9204008FA782 /* TestStorage.swift */,
				C47E94461E6DC4C60067E67A /* TestDecodingEncoding.swift */,
				C421487C1E6DC680009D03B6 /* TestPerformance.swift */,
				C47E94491E6DC5FB0067E67A /* User.swift */,
				C4B717271F2742890071878D /* TestManager.swift */,
				C468E52B1F4EC100009D2D91 /* TestAsyncManager.swift */,
			);
			path = "Shared Tests";
			sourceTree = "<group>";
		};
		71FE241186EB9D582FB77B3E /* Pods */ = {
			isa = PBXGroup;
			children = (
				C00D3C228B79FAAF791C8AA7 /* Pods-CellularLocalStorage iOS.debug.xcconfig */,
				3BD1E584625D19DB173855BD /* Pods-CellularLocalStorage iOS.release.xcconfig */,
				5BFE867D71CA85A6EFC42815 /* Pods-CellularLocalStorage tvOS.debug.xcconfig */,
				68B5871277A1F2EC778D224C /* Pods-CellularLocalStorage tvOS.release.xcconfig */,
				5D0798B6D2134687B8D2E7A9 /* Pods-CellularLocalStorage watchOS.debug.xcconfig */,
				A614149A8835ED0628956985 /* Pods-CellularLocalStorage watchOS.release.xcconfig */,
				0C54E0867C04699BD12B70C9 /* Pods-CellularLocalStorageTests iOS.debug.xcconfig */,
				E5B51C0EC12F8C9269243379 /* Pods-CellularLocalStorageTests iOS.release.xcconfig */,
				E8924BE57A32A322E8FE9679 /* Pods-CellularLocalStorageTests tvOS.debug.xcconfig */,
				218A69F7B98659244EE7207F /* Pods-CellularLocalStorageTests tvOS.release.xcconfig */,
			);
			path = Pods;
			sourceTree = "<group>";
		};
		C42BAC861E5B5182000E2FCE /* Supporting */ = {
			isa = PBXGroup;
			children = (
				C42BAC871E5B5182000E2FCE /* CellularLocalStorage.h */,
				C42BAC881E5B5182000E2FCE /* Info.plist */,
			);
			path = Supporting;
			sourceTree = "<group>";
		};
		C46947E51E5B4A1B00875E77 /* Source */ = {
			isa = PBXGroup;
			children = (
				C4AADA0A1E5C36950026EB7A /* Core */,
				C4AADA0B1E5C36EB0026EB7A /* Unbox */,
				C4AADA0D1E5C36EB0026EB7A /* Wrap */,
			);
			path = Source;
			sourceTree = "<group>";
		};
		C46947E71E5B4A1B00875E77 /* Decoder */ = {
			isa = PBXGroup;
			children = (
				C46947E81E5B4A1B00875E77 /* Decoder.swift */,
				C48E17FC1F30CF7C00347353 /* NativeDecoder.swift */,
			);
			path = Decoder;
			sourceTree = "<group>";
		};
		C46947EA1E5B4A1B00875E77 /* Encoder */ = {
			isa = PBXGroup;
			children = (
				C46947EB1E5B4A1B00875E77 /* Encoder.swift */,
				C4E325761F31BF28000D2052 /* NativeEncoder.swift */,
			);
			path = Encoder;
			sourceTree = "<group>";
		};
		C46947ED1E5B4A1B00875E77 /* Error */ = {
			isa = PBXGroup;
			children = (
				C46947EE1E5B4A1B00875E77 /* Error.swift */,
			);
			path = Error;
			sourceTree = "<group>";
		};
		C46947F41E5B4A1B00875E77 /* Manager */ = {
			isa = PBXGroup;
			children = (
				C46947F51E5B4A1B00875E77 /* AsyncManager.swift */,
				C46947F61E5B4A1B00875E77 /* Manager.swift */,
			);
			path = Manager;
			sourceTree = "<group>";
		};
		C46947FB1E5B4A1B00875E77 /* Storage */ = {
			isa = PBXGroup;
			children = (
				C4A2D863207F8C8200FE4C56 /* FileStorage.swift */,
				C46947FC1E5B4A1B00875E77 /* CachedStorage.swift */,
				C46947FD1E5B4A1B00875E77 /* Storage.swift */,
				C46947FE1E5B4A1B00875E77 /* UserDefaultsStorage.swift */,
				C4FE25E71F4DD52A00391C52 /* MemoryStorage.swift */,
				113F56FD2074FBF900574D94 /* FileStorage.swift */,
			);
			path = Storage;
			sourceTree = "<group>";
		};
		C4AADA0A1E5C36950026EB7A /* Core */ = {
			isa = PBXGroup;
			children = (
				C46947E71E5B4A1B00875E77 /* Decoder */,
				C46947EA1E5B4A1B00875E77 /* Encoder */,
				C46947ED1E5B4A1B00875E77 /* Error */,
				C46947F41E5B4A1B00875E77 /* Manager */,
				C46947FB1E5B4A1B00875E77 /* Storage */,
			);
			path = Core;
			sourceTree = "<group>";
		};
		C4AADA0B1E5C36EB0026EB7A /* Unbox */ = {
			isa = PBXGroup;
			children = (
				C4AADA0C1E5C36EB0026EB7A /* UnboxDecoder.swift */,
			);
			path = Unbox;
			sourceTree = "<group>";
		};
		C4AADA0D1E5C36EB0026EB7A /* Wrap */ = {
			isa = PBXGroup;
			children = (
				C4AADA0E1E5C36EB0026EB7A /* WrapEncoder.swift */,
			);
			path = Wrap;
			sourceTree = "<group>";
		};
		C4AADA161E5C43390026EB7A /* CellularLocalStorageTestHost iOS */ = {
			isa = PBXGroup;
			children = (
				C4AADA171E5C43390026EB7A /* AppDelegate.swift */,
				C4AADA191E5C43390026EB7A /* ViewController.swift */,
				C4AADA1B1E5C43390026EB7A /* Main.storyboard */,
				C4AADA1E1E5C43390026EB7A /* Assets.xcassets */,
				C4AADA201E5C43390026EB7A /* LaunchScreen.storyboard */,
				C4AADA231E5C43390026EB7A /* Info.plist */,
			);
			path = "CellularLocalStorageTestHost iOS";
			sourceTree = "<group>";
		};
		C4F786D9226F2B3F0064CBB0 /* CellularLocalStorageTests iOS */ = {
			isa = PBXGroup;
			children = (
				C4F786DC226F2B3F0064CBB0 /* Info.plist */,
			);
			path = "CellularLocalStorageTests iOS";
			sourceTree = "<group>";
		};
		C4F786F4226F343E0064CBB0 /* CellularLocalStorageTests tvOS */ = {
			isa = PBXGroup;
			children = (
				C4F786F7226F343E0064CBB0 /* Info.plist */,
			);
			path = "CellularLocalStorageTests tvOS";
			sourceTree = "<group>";
		};
		C4F78703226F34930064CBB0 /* CellularLocalStorageTestHost tvOS */ = {
			isa = PBXGroup;
			children = (
				C4F78704226F34930064CBB0 /* AppDelegate.swift */,
				C4F78706226F34930064CBB0 /* ViewController.swift */,
				C4F78708226F34930064CBB0 /* Main.storyboard */,
				C4F7870B226F34950064CBB0 /* Assets.xcassets */,
				C4F7870D226F34950064CBB0 /* Info.plist */,
			);
			path = "CellularLocalStorageTestHost tvOS";
			sourceTree = "<group>";
		};
		CB328378A376CBA9B5927BCC /* Frameworks */ = {
			isa = PBXGroup;
			children = (
				7ED0B3C31E2434D0005870C5 /* LocalStorage.framework */,
				7ED0B3BF1E2434AF005870C5 /* Unbox.framework */,
				7ED0B3C01E2434AF005870C5 /* Wrap.framework */,
				3364F7B6BF07E49030C8D3EA /* Pods_CellularLocalStorage_iOS.framework */,
				B72D88466C1DDED8F22894DD /* Pods_CellularLocalStorage_tvOS.framework */,
				0E0D6F2E218A59EA06B0C0B5 /* Pods_CellularLocalStorage_watchOS.framework */,
				BB535CAA8727E8DE11E2468E /* Pods_CellularLocalStorageTests_iOS.framework */,
				F7EC70DE22385E1C6F4AE9BC /* Pods_CellularLocalStorageTests_tvOS.framework */,
			);
			name = Frameworks;
			sourceTree = "<group>";
		};
/* End PBXGroup section */

/* Begin PBXHeadersBuildPhase section */
		C42BAC5D1E5B4FEA000E2FCE /* Headers */ = {
			isa = PBXHeadersBuildPhase;
			buildActionMask = 2147483647;
			files = (
				C42BAC891E5B5182000E2FCE /* CellularLocalStorage.h in Headers */,
			);
			runOnlyForDeploymentPostprocessing = 0;
		};
		C4C84E4F1E966A8E00D53AFD /* Headers */ = {
			isa = PBXHeadersBuildPhase;
			buildActionMask = 2147483647;
			files = (
				C4C84E671E966B8900D53AFD /* CellularLocalStorage.h in Headers */,
			);
			runOnlyForDeploymentPostprocessing = 0;
		};
		C4C84E5C1E966ABD00D53AFD /* Headers */ = {
			isa = PBXHeadersBuildPhase;
			buildActionMask = 2147483647;
			files = (
				C4C84E681E966B9500D53AFD /* CellularLocalStorage.h in Headers */,
			);
			runOnlyForDeploymentPostprocessing = 0;
		};
/* End PBXHeadersBuildPhase section */

/* Begin PBXNativeTarget section */
		C42BAC5F1E5B4FEA000E2FCE /* CellularLocalStorage iOS */ = {
			isa = PBXNativeTarget;
			buildConfigurationList = C42BAC751E5B4FEB000E2FCE /* Build configuration list for PBXNativeTarget "CellularLocalStorage iOS" */;
			buildPhases = (
				937823A9759858A41D77DF39 /* [CP] Check Pods Manifest.lock */,
				C42BAC5B1E5B4FEA000E2FCE /* Sources */,
				C42BAC5D1E5B4FEA000E2FCE /* Headers */,
				C42BAC5C1E5B4FEA000E2FCE /* Frameworks */,
				C42BAC5E1E5B4FEA000E2FCE /* Resources */,
				C4044B611E5B568400F70468 /* Swiftlint */,
			);
			buildRules = (
			);
			dependencies = (
			);
			name = "CellularLocalStorage iOS";
			productName = CellularLocalStorage;
			productReference = C42BAC601E5B4FEA000E2FCE /* LocalStorage.framework */;
			productType = "com.apple.product-type.framework";
		};
		C4AADA141E5C43380026EB7A /* CellularLocalStorageTestHost iOS */ = {
			isa = PBXNativeTarget;
			buildConfigurationList = C4AADA241E5C43390026EB7A /* Build configuration list for PBXNativeTarget "CellularLocalStorageTestHost iOS" */;
			buildPhases = (
				C4AADA111E5C43380026EB7A /* Sources */,
				C4AADA121E5C43380026EB7A /* Frameworks */,
				C4AADA131E5C43380026EB7A /* Resources */,
			);
			buildRules = (
			);
			dependencies = (
			);
			name = "CellularLocalStorageTestHost iOS";
			productName = CellularLocalStorageTestHost;
			productReference = C4AADA151E5C43380026EB7A /* CellularLocalStorageTestHost iOS.app */;
			productType = "com.apple.product-type.application";
		};
		C4C84E511E966A8E00D53AFD /* CellularLocalStorage tvOS */ = {
			isa = PBXNativeTarget;
			buildConfigurationList = C4C84E591E966A8E00D53AFD /* Build configuration list for PBXNativeTarget "CellularLocalStorage tvOS" */;
			buildPhases = (
				32352E81CE9583690F73E366 /* [CP] Check Pods Manifest.lock */,
				C4C84E4D1E966A8E00D53AFD /* Sources */,
				C4C84E4F1E966A8E00D53AFD /* Headers */,
				C4C84E4E1E966A8E00D53AFD /* Frameworks */,
				C4C84E501E966A8E00D53AFD /* Resources */,
			);
			buildRules = (
			);
			dependencies = (
			);
			name = "CellularLocalStorage tvOS";
			productName = "CellularLocalStorage tvOS";
			productReference = C4C84E521E966A8E00D53AFD /* LocalStorage.framework */;
			productType = "com.apple.product-type.framework";
		};
		C4C84E5E1E966ABD00D53AFD /* CellularLocalStorage watchOS */ = {
			isa = PBXNativeTarget;
			buildConfigurationList = C4C84E641E966ABD00D53AFD /* Build configuration list for PBXNativeTarget "CellularLocalStorage watchOS" */;
			buildPhases = (
				0D4A1DB34A4FB228A616EDF7 /* [CP] Check Pods Manifest.lock */,
				C4C84E5A1E966ABD00D53AFD /* Sources */,
				C4C84E5C1E966ABD00D53AFD /* Headers */,
				C4C84E5B1E966ABD00D53AFD /* Frameworks */,
				C4C84E5D1E966ABD00D53AFD /* Resources */,
			);
			buildRules = (
			);
			dependencies = (
			);
			name = "CellularLocalStorage watchOS";
			productName = "CellularLocalStorage watchOS";
			productReference = C4C84E5F1E966ABD00D53AFD /* LocalStorage.framework */;
			productType = "com.apple.product-type.framework";
		};
		C4F786D7226F2B3F0064CBB0 /* CellularLocalStorageTests iOS */ = {
			isa = PBXNativeTarget;
			buildConfigurationList = C4F786E2226F2B3F0064CBB0 /* Build configuration list for PBXNativeTarget "CellularLocalStorageTests iOS" */;
			buildPhases = (
				34FE26613FB0BC038C535D88 /* [CP] Check Pods Manifest.lock */,
				C4F786D4226F2B3F0064CBB0 /* Sources */,
				C4F786D5226F2B3F0064CBB0 /* Frameworks */,
				C4F786D6226F2B3F0064CBB0 /* Resources */,
				EA7F4BBD87AD1A8BDFD79D77 /* [CP] Embed Pods Frameworks */,
			);
			buildRules = (
			);
			dependencies = (
				C4F786DF226F2B3F0064CBB0 /* PBXTargetDependency */,
				C4F786EC226F2C9C0064CBB0 /* PBXTargetDependency */,
			);
			name = "CellularLocalStorageTests iOS";
			productName = "LocalStorageTests iOS";
			productReference = C4F786D8226F2B3F0064CBB0 /* CellularLocalStorageTests iOS.xctest */;
			productType = "com.apple.product-type.bundle.unit-test";
		};
		C4F786F2226F343E0064CBB0 /* CellularLocalStorageTests tvOS */ = {
			isa = PBXNativeTarget;
			buildConfigurationList = C4F786FD226F343E0064CBB0 /* Build configuration list for PBXNativeTarget "CellularLocalStorageTests tvOS" */;
			buildPhases = (
				8CEA402113A0C8F9D38A1286 /* [CP] Check Pods Manifest.lock */,
				C4F786EF226F343E0064CBB0 /* Sources */,
				C4F786F0226F343E0064CBB0 /* Frameworks */,
				C4F786F1226F343E0064CBB0 /* Resources */,
				F5DFCB7493B449FAD96D461A /* [CP] Embed Pods Frameworks */,
			);
			buildRules = (
			);
			dependencies = (
				C4F786FA226F343E0064CBB0 /* PBXTargetDependency */,
				C4F78712226F34B90064CBB0 /* PBXTargetDependency */,
			);
			name = "CellularLocalStorageTests tvOS";
			productName = "CellularLocalStorageTests tvOS";
			productReference = C4F786F3226F343E0064CBB0 /* CellularLocalStorageTests tvOS.xctest */;
			productType = "com.apple.product-type.bundle.unit-test";
		};
		C4F78701226F34930064CBB0 /* CellularLocalStorageTestHost tvOS */ = {
			isa = PBXNativeTarget;
			buildConfigurationList = C4F7870E226F34950064CBB0 /* Build configuration list for PBXNativeTarget "CellularLocalStorageTestHost tvOS" */;
			buildPhases = (
				C4F786FE226F34930064CBB0 /* Sources */,
				C4F786FF226F34930064CBB0 /* Frameworks */,
				C4F78700226F34930064CBB0 /* Resources */,
			);
			buildRules = (
			);
			dependencies = (
			);
			name = "CellularLocalStorageTestHost tvOS";
			productName = "CellularLocalStorageTestHost tvOS";
			productReference = C4F78702226F34930064CBB0 /* CellularLocalStorageTestHost tvOS.app */;
			productType = "com.apple.product-type.application";
		};
/* End PBXNativeTarget section */

/* Begin PBXProject section */
		607FACC81AFB9204008FA782 /* Project object */ = {
			isa = PBXProject;
			attributes = {
				LastSwiftUpdateCheck = 1020;
				LastUpgradeCheck = 1020;
				ORGANIZATIONNAME = CocoaPods;
				TargetAttributes = {
					C42BAC5F1E5B4FEA000E2FCE = {
						CreatedOnToolsVersion = 8.2.1;
						ProvisioningStyle = Automatic;
					};
					C4AADA141E5C43380026EB7A = {
						CreatedOnToolsVersion = 8.2.1;
						ProvisioningStyle = Automatic;
					};
					C4C84E511E966A8E00D53AFD = {
						CreatedOnToolsVersion = 8.3;
						DevelopmentTeam = AYW29B44VY;
						ProvisioningStyle = Automatic;
					};
					C4C84E5E1E966ABD00D53AFD = {
						CreatedOnToolsVersion = 8.3;
						DevelopmentTeam = AYW29B44VY;
						ProvisioningStyle = Automatic;
					};
					C4F786D7226F2B3F0064CBB0 = {
						CreatedOnToolsVersion = 10.2.1;
						ProvisioningStyle = Automatic;
						TestTargetID = C4AADA141E5C43380026EB7A;
					};
					C4F786F2226F343E0064CBB0 = {
						CreatedOnToolsVersion = 10.2.1;
						ProvisioningStyle = Automatic;
						TestTargetID = C4F78701226F34930064CBB0;
					};
					C4F78701226F34930064CBB0 = {
						CreatedOnToolsVersion = 10.2.1;
						ProvisioningStyle = Automatic;
					};
				};
			};
			buildConfigurationList = 607FACCB1AFB9204008FA782 /* Build configuration list for PBXProject "CellularLocalStorage" */;
			compatibilityVersion = "Xcode 3.2";
			developmentRegion = en;
			hasScannedForEncodings = 0;
			knownRegions = (
				en,
				Base,
			);
			mainGroup = 607FACC71AFB9204008FA782;
			productRefGroup = 607FACD11AFB9204008FA782 /* Products */;
			projectDirPath = "";
			projectRoot = "";
			targets = (
				C42BAC5F1E5B4FEA000E2FCE /* CellularLocalStorage iOS */,
				C4C84E511E966A8E00D53AFD /* CellularLocalStorage tvOS */,
				C4C84E5E1E966ABD00D53AFD /* CellularLocalStorage watchOS */,
				C4F786D7226F2B3F0064CBB0 /* CellularLocalStorageTests iOS */,
				C4F786F2226F343E0064CBB0 /* CellularLocalStorageTests tvOS */,
				C4AADA141E5C43380026EB7A /* CellularLocalStorageTestHost iOS */,
				C4F78701226F34930064CBB0 /* CellularLocalStorageTestHost tvOS */,
			);
		};
/* End PBXProject section */

/* Begin PBXResourcesBuildPhase section */
		C42BAC5E1E5B4FEA000E2FCE /* Resources */ = {
			isa = PBXResourcesBuildPhase;
			buildActionMask = 2147483647;
			files = (
			);
			runOnlyForDeploymentPostprocessing = 0;
		};
		C4AADA131E5C43380026EB7A /* Resources */ = {
			isa = PBXResourcesBuildPhase;
			buildActionMask = 2147483647;
			files = (
				C4AADA221E5C43390026EB7A /* LaunchScreen.storyboard in Resources */,
				C4AADA1F1E5C43390026EB7A /* Assets.xcassets in Resources */,
				C4AADA1D1E5C43390026EB7A /* Main.storyboard in Resources */,
			);
			runOnlyForDeploymentPostprocessing = 0;
		};
		C4C84E501E966A8E00D53AFD /* Resources */ = {
			isa = PBXResourcesBuildPhase;
			buildActionMask = 2147483647;
			files = (
			);
			runOnlyForDeploymentPostprocessing = 0;
		};
		C4C84E5D1E966ABD00D53AFD /* Resources */ = {
			isa = PBXResourcesBuildPhase;
			buildActionMask = 2147483647;
			files = (
			);
			runOnlyForDeploymentPostprocessing = 0;
		};
		C4F786D6226F2B3F0064CBB0 /* Resources */ = {
			isa = PBXResourcesBuildPhase;
			buildActionMask = 2147483647;
			files = (
			);
			runOnlyForDeploymentPostprocessing = 0;
		};
		C4F786F1226F343E0064CBB0 /* Resources */ = {
			isa = PBXResourcesBuildPhase;
			buildActionMask = 2147483647;
			files = (
			);
			runOnlyForDeploymentPostprocessing = 0;
		};
		C4F78700226F34930064CBB0 /* Resources */ = {
			isa = PBXResourcesBuildPhase;
			buildActionMask = 2147483647;
			files = (
				C4F7870C226F34950064CBB0 /* Assets.xcassets in Resources */,
				C4F7870A226F34930064CBB0 /* Main.storyboard in Resources */,
			);
			runOnlyForDeploymentPostprocessing = 0;
		};
/* End PBXResourcesBuildPhase section */

/* Begin PBXShellScriptBuildPhase section */
		0D4A1DB34A4FB228A616EDF7 /* [CP] Check Pods Manifest.lock */ = {
			isa = PBXShellScriptBuildPhase;
			buildActionMask = 2147483647;
			files = (
			);
			inputFileListPaths = (
			);
			inputPaths = (
				"${PODS_PODFILE_DIR_PATH}/Podfile.lock",
				"${PODS_ROOT}/Manifest.lock",
			);
			name = "[CP] Check Pods Manifest.lock";
			outputFileListPaths = (
			);
			outputPaths = (
				"$(DERIVED_FILE_DIR)/Pods-CellularLocalStorage watchOS-checkManifestLockResult.txt",
			);
			runOnlyForDeploymentPostprocessing = 0;
			shellPath = /bin/sh;
			shellScript = "diff \"${PODS_PODFILE_DIR_PATH}/Podfile.lock\" \"${PODS_ROOT}/Manifest.lock\" > /dev/null\nif [ $? != 0 ] ; then\n    # print error to STDERR\n    echo \"error: The sandbox is not in sync with the Podfile.lock. Run 'pod install' or update your CocoaPods installation.\" >&2\n    exit 1\nfi\n# This output is used by Xcode 'outputs' to avoid re-running this script phase.\necho \"SUCCESS\" > \"${SCRIPT_OUTPUT_FILE_0}\"\n";
			showEnvVarsInLog = 0;
		};
		32352E81CE9583690F73E366 /* [CP] Check Pods Manifest.lock */ = {
			isa = PBXShellScriptBuildPhase;
			buildActionMask = 2147483647;
			files = (
			);
			inputFileListPaths = (
			);
			inputPaths = (
				"${PODS_PODFILE_DIR_PATH}/Podfile.lock",
				"${PODS_ROOT}/Manifest.lock",
			);
			name = "[CP] Check Pods Manifest.lock";
			outputFileListPaths = (
			);
			outputPaths = (
				"$(DERIVED_FILE_DIR)/Pods-CellularLocalStorage tvOS-checkManifestLockResult.txt",
			);
			runOnlyForDeploymentPostprocessing = 0;
			shellPath = /bin/sh;
			shellScript = "diff \"${PODS_PODFILE_DIR_PATH}/Podfile.lock\" \"${PODS_ROOT}/Manifest.lock\" > /dev/null\nif [ $? != 0 ] ; then\n    # print error to STDERR\n    echo \"error: The sandbox is not in sync with the Podfile.lock. Run 'pod install' or update your CocoaPods installation.\" >&2\n    exit 1\nfi\n# This output is used by Xcode 'outputs' to avoid re-running this script phase.\necho \"SUCCESS\" > \"${SCRIPT_OUTPUT_FILE_0}\"\n";
			showEnvVarsInLog = 0;
		};
		34FE26613FB0BC038C535D88 /* [CP] Check Pods Manifest.lock */ = {
			isa = PBXShellScriptBuildPhase;
			buildActionMask = 2147483647;
			files = (
			);
			inputFileListPaths = (
			);
			inputPaths = (
				"${PODS_PODFILE_DIR_PATH}/Podfile.lock",
				"${PODS_ROOT}/Manifest.lock",
			);
			name = "[CP] Check Pods Manifest.lock";
			outputFileListPaths = (
			);
			outputPaths = (
				"$(DERIVED_FILE_DIR)/Pods-CellularLocalStorageTests iOS-checkManifestLockResult.txt",
			);
			runOnlyForDeploymentPostprocessing = 0;
			shellPath = /bin/sh;
			shellScript = "diff \"${PODS_PODFILE_DIR_PATH}/Podfile.lock\" \"${PODS_ROOT}/Manifest.lock\" > /dev/null\nif [ $? != 0 ] ; then\n    # print error to STDERR\n    echo \"error: The sandbox is not in sync with the Podfile.lock. Run 'pod install' or update your CocoaPods installation.\" >&2\n    exit 1\nfi\n# This output is used by Xcode 'outputs' to avoid re-running this script phase.\necho \"SUCCESS\" > \"${SCRIPT_OUTPUT_FILE_0}\"\n";
			showEnvVarsInLog = 0;
		};
		8CEA402113A0C8F9D38A1286 /* [CP] Check Pods Manifest.lock */ = {
			isa = PBXShellScriptBuildPhase;
			buildActionMask = 2147483647;
			files = (
			);
			inputFileListPaths = (
			);
			inputPaths = (
				"${PODS_PODFILE_DIR_PATH}/Podfile.lock",
				"${PODS_ROOT}/Manifest.lock",
			);
			name = "[CP] Check Pods Manifest.lock";
			outputFileListPaths = (
			);
			outputPaths = (
				"$(DERIVED_FILE_DIR)/Pods-CellularLocalStorageTests tvOS-checkManifestLockResult.txt",
			);
			runOnlyForDeploymentPostprocessing = 0;
			shellPath = /bin/sh;
			shellScript = "diff \"${PODS_PODFILE_DIR_PATH}/Podfile.lock\" \"${PODS_ROOT}/Manifest.lock\" > /dev/null\nif [ $? != 0 ] ; then\n    # print error to STDERR\n    echo \"error: The sandbox is not in sync with the Podfile.lock. Run 'pod install' or update your CocoaPods installation.\" >&2\n    exit 1\nfi\n# This output is used by Xcode 'outputs' to avoid re-running this script phase.\necho \"SUCCESS\" > \"${SCRIPT_OUTPUT_FILE_0}\"\n";
			showEnvVarsInLog = 0;
		};
		937823A9759858A41D77DF39 /* [CP] Check Pods Manifest.lock */ = {
			isa = PBXShellScriptBuildPhase;
			buildActionMask = 2147483647;
			files = (
			);
			inputFileListPaths = (
			);
			inputPaths = (
				"${PODS_PODFILE_DIR_PATH}/Podfile.lock",
				"${PODS_ROOT}/Manifest.lock",
			);
			name = "[CP] Check Pods Manifest.lock";
			outputFileListPaths = (
			);
			outputPaths = (
				"$(DERIVED_FILE_DIR)/Pods-CellularLocalStorage iOS-checkManifestLockResult.txt",
			);
			runOnlyForDeploymentPostprocessing = 0;
			shellPath = /bin/sh;
			shellScript = "diff \"${PODS_PODFILE_DIR_PATH}/Podfile.lock\" \"${PODS_ROOT}/Manifest.lock\" > /dev/null\nif [ $? != 0 ] ; then\n    # print error to STDERR\n    echo \"error: The sandbox is not in sync with the Podfile.lock. Run 'pod install' or update your CocoaPods installation.\" >&2\n    exit 1\nfi\n# This output is used by Xcode 'outputs' to avoid re-running this script phase.\necho \"SUCCESS\" > \"${SCRIPT_OUTPUT_FILE_0}\"\n";
			showEnvVarsInLog = 0;
		};
		C4044B611E5B568400F70468 /* Swiftlint */ = {
			isa = PBXShellScriptBuildPhase;
			buildActionMask = 2147483647;
			files = (
			);
			inputPaths = (
			);
			name = Swiftlint;
			outputPaths = (
			);
			runOnlyForDeploymentPostprocessing = 0;
			shellPath = /bin/sh;
			shellScript = "\"${PODS_ROOT}/SwiftLint/swiftlint\"\n";
		};
		EA7F4BBD87AD1A8BDFD79D77 /* [CP] Embed Pods Frameworks */ = {
			isa = PBXShellScriptBuildPhase;
			buildActionMask = 2147483647;
			files = (
			);
			inputFileListPaths = (
			);
			inputPaths = (
				"${PODS_ROOT}/Target Support Files/Pods-CellularLocalStorageTests iOS/Pods-CellularLocalStorageTests iOS-frameworks.sh",
				"${BUILT_PRODUCTS_DIR}/CELLULAR-iOS/CELLULAR.framework",
				"${BUILT_PRODUCTS_DIR}/Unbox-iOS/Unbox.framework",
				"${BUILT_PRODUCTS_DIR}/Wrap-iOS/Wrap.framework",
			);
			name = "[CP] Embed Pods Frameworks";
			outputFileListPaths = (
			);
			outputPaths = (
				"${TARGET_BUILD_DIR}/${FRAMEWORKS_FOLDER_PATH}/CELLULAR.framework",
				"${TARGET_BUILD_DIR}/${FRAMEWORKS_FOLDER_PATH}/Unbox.framework",
				"${TARGET_BUILD_DIR}/${FRAMEWORKS_FOLDER_PATH}/Wrap.framework",
			);
			runOnlyForDeploymentPostprocessing = 0;
			shellPath = /bin/sh;
			shellScript = "\"${PODS_ROOT}/Target Support Files/Pods-CellularLocalStorageTests iOS/Pods-CellularLocalStorageTests iOS-frameworks.sh\"\n";
			showEnvVarsInLog = 0;
		};
		F5DFCB7493B449FAD96D461A /* [CP] Embed Pods Frameworks */ = {
			isa = PBXShellScriptBuildPhase;
			buildActionMask = 2147483647;
			files = (
			);
			inputFileListPaths = (
			);
			inputPaths = (
				"${PODS_ROOT}/Target Support Files/Pods-CellularLocalStorageTests tvOS/Pods-CellularLocalStorageTests tvOS-frameworks.sh",
				"${BUILT_PRODUCTS_DIR}/CELLULAR-tvOS/CELLULAR.framework",
				"${BUILT_PRODUCTS_DIR}/Unbox-tvOS/Unbox.framework",
				"${BUILT_PRODUCTS_DIR}/Wrap-tvOS/Wrap.framework",
			);
			name = "[CP] Embed Pods Frameworks";
			outputFileListPaths = (
			);
			outputPaths = (
				"${TARGET_BUILD_DIR}/${FRAMEWORKS_FOLDER_PATH}/CELLULAR.framework",
				"${TARGET_BUILD_DIR}/${FRAMEWORKS_FOLDER_PATH}/Unbox.framework",
				"${TARGET_BUILD_DIR}/${FRAMEWORKS_FOLDER_PATH}/Wrap.framework",
			);
			runOnlyForDeploymentPostprocessing = 0;
			shellPath = /bin/sh;
			shellScript = "\"${PODS_ROOT}/Target Support Files/Pods-CellularLocalStorageTests tvOS/Pods-CellularLocalStorageTests tvOS-frameworks.sh\"\n";
			showEnvVarsInLog = 0;
		};
/* End PBXShellScriptBuildPhase section */

/* Begin PBXSourcesBuildPhase section */
		C42BAC5B1E5B4FEA000E2FCE /* Sources */ = {
			isa = PBXSourcesBuildPhase;
			buildActionMask = 2147483647;
			files = (
				C42BAC771E5B5046000E2FCE /* Decoder.swift in Sources */,
				C42BAC791E5B5046000E2FCE /* Encoder.swift in Sources */,
				C4AADA101E5C36EB0026EB7A /* WrapEncoder.swift in Sources */,
				C42BAC7B1E5B5046000E2FCE /* Error.swift in Sources */,
				C42BAC7E1E5B5046000E2FCE /* AsyncManager.swift in Sources */,
				C4A2D864207F8C8200FE4C56 /* FileStorage.swift in Sources */,
				C42BAC7F1E5B5046000E2FCE /* Manager.swift in Sources */,
				C42BAC821E5B5046000E2FCE /* CachedStorage.swift in Sources */,
				C4FE25E81F4DD52A00391C52 /* MemoryStorage.swift in Sources */,
				C4AADA0F1E5C36EB0026EB7A /* UnboxDecoder.swift in Sources */,
				C4A2D85E207F8C3500FE4C56 /* NativeDecoder.swift in Sources */,
				C4E325771F31BF28000D2052 /* NativeEncoder.swift in Sources */,
				C42BAC831E5B5046000E2FCE /* Storage.swift in Sources */,
				C42BAC841E5B5046000E2FCE /* UserDefaultsStorage.swift in Sources */,
			);
			runOnlyForDeploymentPostprocessing = 0;
		};
		C4AADA111E5C43380026EB7A /* Sources */ = {
			isa = PBXSourcesBuildPhase;
			buildActionMask = 2147483647;
			files = (
				C4AADA1A1E5C43390026EB7A /* ViewController.swift in Sources */,
				C4AADA181E5C43390026EB7A /* AppDelegate.swift in Sources */,
			);
			runOnlyForDeploymentPostprocessing = 0;
		};
		C4C84E4D1E966A8E00D53AFD /* Sources */ = {
			isa = PBXSourcesBuildPhase;
			buildActionMask = 2147483647;
			files = (
				C4C84E6D1E96708B00D53AFD /* Error.swift in Sources */,
				C4C84E701E96708B00D53AFD /* AsyncManager.swift in Sources */,
				C4C84E6B1E96708B00D53AFD /* Decoder.swift in Sources */,
				C4A2D85F207F8C3500FE4C56 /* NativeDecoder.swift in Sources */,
				C4C84E711E96708B00D53AFD /* Manager.swift in Sources */,
				C4A2D865207F8C8200FE4C56 /* FileStorage.swift in Sources */,
				C4C84E6A1E966C9F00D53AFD /* WrapEncoder.swift in Sources */,
				C4C84E751E96708B00D53AFD /* Storage.swift in Sources */,
				C4C84E6C1E96708B00D53AFD /* Encoder.swift in Sources */,
				C4FE25E91F4DD52A00391C52 /* MemoryStorage.swift in Sources */,
				C4C84E771E96708B00D53AFD /* UnboxDecoder.swift in Sources */,
				C4C84E741E96708B00D53AFD /* CachedStorage.swift in Sources */,
				C4A2D862207F8C3E00FE4C56 /* NativeEncoder.swift in Sources */,
				C4C84E761E96708B00D53AFD /* UserDefaultsStorage.swift in Sources */,
			);
			runOnlyForDeploymentPostprocessing = 0;
		};
		C4C84E5A1E966ABD00D53AFD /* Sources */ = {
			isa = PBXSourcesBuildPhase;
			buildActionMask = 2147483647;
			files = (
				C4C84E7A1E96708C00D53AFD /* Error.swift in Sources */,
				C4C84E7D1E96708C00D53AFD /* AsyncManager.swift in Sources */,
				C4C84E781E96708C00D53AFD /* Decoder.swift in Sources */,
				C4A2D860207F8C3500FE4C56 /* NativeDecoder.swift in Sources */,
				C4C84E7E1E96708C00D53AFD /* Manager.swift in Sources */,
				C4A2D866207F8C8200FE4C56 /* FileStorage.swift in Sources */,
				C4C84E691E966C9F00D53AFD /* WrapEncoder.swift in Sources */,
				C4C84E821E96708C00D53AFD /* Storage.swift in Sources */,
				C4C84E791E96708C00D53AFD /* Encoder.swift in Sources */,
				C4FE25EA1F4DD52A00391C52 /* MemoryStorage.swift in Sources */,
				C4C84E841E96708C00D53AFD /* UnboxDecoder.swift in Sources */,
				C4C84E811E96708C00D53AFD /* CachedStorage.swift in Sources */,
				C4A2D861207F8C3E00FE4C56 /* NativeEncoder.swift in Sources */,
				C4C84E831E96708C00D53AFD /* UserDefaultsStorage.swift in Sources */,
			);
			runOnlyForDeploymentPostprocessing = 0;
		};
		C4F786D4226F2B3F0064CBB0 /* Sources */ = {
			isa = PBXSourcesBuildPhase;
			buildActionMask = 2147483647;
			files = (
				C4F786EA226F2B690064CBB0 /* TestAsyncManager.swift in Sources */,
				C4F786E9226F2B690064CBB0 /* TestManager.swift in Sources */,
				C4F786E5226F2B630064CBB0 /* TestStorage.swift in Sources */,
				C4F786E7226F2B690064CBB0 /* TestPerformance.swift in Sources */,
				C4F786E8226F2B690064CBB0 /* User.swift in Sources */,
				C4F786E6226F2B660064CBB0 /* TestDecodingEncoding.swift in Sources */,
			);
			runOnlyForDeploymentPostprocessing = 0;
		};
		C4F786EF226F343E0064CBB0 /* Sources */ = {
			isa = PBXSourcesBuildPhase;
			buildActionMask = 2147483647;
			files = (
				C4F78718226F352D0064CBB0 /* TestAsyncManager.swift in Sources */,
				C4F78717226F352D0064CBB0 /* TestManager.swift in Sources */,
				C4F78713226F352D0064CBB0 /* TestStorage.swift in Sources */,
				C4F78715226F352D0064CBB0 /* TestPerformance.swift in Sources */,
				C4F78716226F352D0064CBB0 /* User.swift in Sources */,
				C4F78714226F352D0064CBB0 /* TestDecodingEncoding.swift in Sources */,
			);
			runOnlyForDeploymentPostprocessing = 0;
		};
		C4F786FE226F34930064CBB0 /* Sources */ = {
			isa = PBXSourcesBuildPhase;
			buildActionMask = 2147483647;
			files = (
				C4F78707226F34930064CBB0 /* ViewController.swift in Sources */,
				C4F78705226F34930064CBB0 /* AppDelegate.swift in Sources */,
			);
			runOnlyForDeploymentPostprocessing = 0;
		};
/* End PBXSourcesBuildPhase section */

/* Begin PBXTargetDependency section */
		C4F786DF226F2B3F0064CBB0 /* PBXTargetDependency */ = {
			isa = PBXTargetDependency;
			target = C42BAC5F1E5B4FEA000E2FCE /* CellularLocalStorage iOS */;
			targetProxy = C4F786DE226F2B3F0064CBB0 /* PBXContainerItemProxy */;
		};
		C4F786EC226F2C9C0064CBB0 /* PBXTargetDependency */ = {
			isa = PBXTargetDependency;
			target = C4AADA141E5C43380026EB7A /* CellularLocalStorageTestHost iOS */;
			targetProxy = C4F786EB226F2C9C0064CBB0 /* PBXContainerItemProxy */;
		};
		C4F786FA226F343E0064CBB0 /* PBXTargetDependency */ = {
			isa = PBXTargetDependency;
			target = C4C84E511E966A8E00D53AFD /* CellularLocalStorage tvOS */;
			targetProxy = C4F786F9226F343E0064CBB0 /* PBXContainerItemProxy */;
		};
		C4F78712226F34B90064CBB0 /* PBXTargetDependency */ = {
			isa = PBXTargetDependency;
			target = C4F78701226F34930064CBB0 /* CellularLocalStorageTestHost tvOS */;
			targetProxy = C4F78711226F34B90064CBB0 /* PBXContainerItemProxy */;
		};
/* End PBXTargetDependency section */

/* Begin PBXVariantGroup section */
		C4AADA1B1E5C43390026EB7A /* Main.storyboard */ = {
			isa = PBXVariantGroup;
			children = (
				C4AADA1C1E5C43390026EB7A /* Base */,
			);
			name = Main.storyboard;
			sourceTree = "<group>";
		};
		C4AADA201E5C43390026EB7A /* LaunchScreen.storyboard */ = {
			isa = PBXVariantGroup;
			children = (
				C4AADA211E5C43390026EB7A /* Base */,
			);
			name = LaunchScreen.storyboard;
			sourceTree = "<group>";
		};
		C4F78708226F34930064CBB0 /* Main.storyboard */ = {
			isa = PBXVariantGroup;
			children = (
				C4F78709226F34930064CBB0 /* Base */,
			);
			name = Main.storyboard;
			sourceTree = "<group>";
		};
/* End PBXVariantGroup section */

/* Begin XCBuildConfiguration section */
		607FACED1AFB9204008FA782 /* Debug */ = {
			isa = XCBuildConfiguration;
			buildSettings = {
				ALWAYS_SEARCH_USER_PATHS = NO;
				CLANG_ANALYZER_LOCALIZABILITY_NONLOCALIZED = YES;
				CLANG_CXX_LANGUAGE_STANDARD = "gnu++0x";
				CLANG_CXX_LIBRARY = "libc++";
				CLANG_ENABLE_MODULES = YES;
				CLANG_ENABLE_OBJC_ARC = YES;
				CLANG_WARN_BLOCK_CAPTURE_AUTORELEASING = YES;
				CLANG_WARN_BOOL_CONVERSION = YES;
				CLANG_WARN_COMMA = YES;
				CLANG_WARN_CONSTANT_CONVERSION = YES;
				CLANG_WARN_DEPRECATED_OBJC_IMPLEMENTATIONS = YES;
				CLANG_WARN_DIRECT_OBJC_ISA_USAGE = YES_ERROR;
				CLANG_WARN_EMPTY_BODY = YES;
				CLANG_WARN_ENUM_CONVERSION = YES;
				CLANG_WARN_INFINITE_RECURSION = YES;
				CLANG_WARN_INT_CONVERSION = YES;
				CLANG_WARN_NON_LITERAL_NULL_CONVERSION = YES;
				CLANG_WARN_OBJC_IMPLICIT_RETAIN_SELF = YES;
				CLANG_WARN_OBJC_LITERAL_CONVERSION = YES;
				CLANG_WARN_OBJC_ROOT_CLASS = YES_ERROR;
				CLANG_WARN_RANGE_LOOP_ANALYSIS = YES;
				CLANG_WARN_STRICT_PROTOTYPES = YES;
				CLANG_WARN_SUSPICIOUS_MOVE = YES;
				CLANG_WARN_UNREACHABLE_CODE = YES;
				CLANG_WARN__DUPLICATE_METHOD_MATCH = YES;
				"CODE_SIGN_IDENTITY[sdk=iphoneos*]" = "iPhone Developer";
				COPY_PHASE_STRIP = NO;
				DEBUG_INFORMATION_FORMAT = "dwarf-with-dsym";
				ENABLE_STRICT_OBJC_MSGSEND = YES;
				ENABLE_TESTABILITY = YES;
				GCC_C_LANGUAGE_STANDARD = gnu99;
				GCC_DYNAMIC_NO_PIC = NO;
				GCC_NO_COMMON_BLOCKS = YES;
				GCC_OPTIMIZATION_LEVEL = 0;
				GCC_PREPROCESSOR_DEFINITIONS = (
					"DEBUG=1",
					"$(inherited)",
				);
				GCC_SYMBOLS_PRIVATE_EXTERN = NO;
				GCC_WARN_64_TO_32_BIT_CONVERSION = YES;
				GCC_WARN_ABOUT_RETURN_TYPE = YES_ERROR;
				GCC_WARN_UNDECLARED_SELECTOR = YES;
				GCC_WARN_UNINITIALIZED_AUTOS = YES_AGGRESSIVE;
				GCC_WARN_UNUSED_FUNCTION = YES;
				GCC_WARN_UNUSED_VARIABLE = YES;
				IPHONEOS_DEPLOYMENT_TARGET = 10.3;
				MTL_ENABLE_DEBUG_INFO = YES;
				ONLY_ACTIVE_ARCH = YES;
				SDKROOT = iphoneos;
				SWIFT_OPTIMIZATION_LEVEL = "-Onone";
				SWIFT_VERSION = 5.0;
			};
			name = Debug;
		};
		607FACEE1AFB9204008FA782 /* Release */ = {
			isa = XCBuildConfiguration;
			buildSettings = {
				ALWAYS_SEARCH_USER_PATHS = NO;
				CLANG_ANALYZER_LOCALIZABILITY_NONLOCALIZED = YES;
				CLANG_CXX_LANGUAGE_STANDARD = "gnu++0x";
				CLANG_CXX_LIBRARY = "libc++";
				CLANG_ENABLE_MODULES = YES;
				CLANG_ENABLE_OBJC_ARC = YES;
				CLANG_WARN_BLOCK_CAPTURE_AUTORELEASING = YES;
				CLANG_WARN_BOOL_CONVERSION = YES;
				CLANG_WARN_COMMA = YES;
				CLANG_WARN_CONSTANT_CONVERSION = YES;
				CLANG_WARN_DEPRECATED_OBJC_IMPLEMENTATIONS = YES;
				CLANG_WARN_DIRECT_OBJC_ISA_USAGE = YES_ERROR;
				CLANG_WARN_EMPTY_BODY = YES;
				CLANG_WARN_ENUM_CONVERSION = YES;
				CLANG_WARN_INFINITE_RECURSION = YES;
				CLANG_WARN_INT_CONVERSION = YES;
				CLANG_WARN_NON_LITERAL_NULL_CONVERSION = YES;
				CLANG_WARN_OBJC_IMPLICIT_RETAIN_SELF = YES;
				CLANG_WARN_OBJC_LITERAL_CONVERSION = YES;
				CLANG_WARN_OBJC_ROOT_CLASS = YES_ERROR;
				CLANG_WARN_RANGE_LOOP_ANALYSIS = YES;
				CLANG_WARN_STRICT_PROTOTYPES = YES;
				CLANG_WARN_SUSPICIOUS_MOVE = YES;
				CLANG_WARN_UNREACHABLE_CODE = YES;
				CLANG_WARN__DUPLICATE_METHOD_MATCH = YES;
				"CODE_SIGN_IDENTITY[sdk=iphoneos*]" = "iPhone Developer";
				COPY_PHASE_STRIP = NO;
				DEBUG_INFORMATION_FORMAT = "dwarf-with-dsym";
				ENABLE_NS_ASSERTIONS = NO;
				ENABLE_STRICT_OBJC_MSGSEND = YES;
				GCC_C_LANGUAGE_STANDARD = gnu99;
				GCC_NO_COMMON_BLOCKS = YES;
				GCC_WARN_64_TO_32_BIT_CONVERSION = YES;
				GCC_WARN_ABOUT_RETURN_TYPE = YES_ERROR;
				GCC_WARN_UNDECLARED_SELECTOR = YES;
				GCC_WARN_UNINITIALIZED_AUTOS = YES_AGGRESSIVE;
				GCC_WARN_UNUSED_FUNCTION = YES;
				GCC_WARN_UNUSED_VARIABLE = YES;
				IPHONEOS_DEPLOYMENT_TARGET = 10.3;
				MTL_ENABLE_DEBUG_INFO = NO;
				SDKROOT = iphoneos;
				SWIFT_OPTIMIZATION_LEVEL = "-Owholemodule";
				SWIFT_VERSION = 5.0;
				VALIDATE_PRODUCT = YES;
			};
			name = Release;
		};
		C42BAC711E5B4FEB000E2FCE /* Debug */ = {
			isa = XCBuildConfiguration;
			baseConfigurationReference = C00D3C228B79FAAF791C8AA7 /* Pods-CellularLocalStorage iOS.debug.xcconfig */;
			buildSettings = {
				CLANG_ANALYZER_NONNULL = YES;
				CLANG_WARN_DOCUMENTATION_COMMENTS = YES;
				CODE_SIGN_IDENTITY = "";
				CURRENT_PROJECT_VERSION = 1;
				DEBUG_INFORMATION_FORMAT = dwarf;
				DEFINES_MODULE = YES;
				DYLIB_COMPATIBILITY_VERSION = 1;
				DYLIB_CURRENT_VERSION = 1;
				DYLIB_INSTALL_NAME_BASE = "@rpath";
				INFOPLIST_FILE = "$(SRCROOT)/Supporting/Info.plist";
				INSTALL_PATH = "$(LOCAL_LIBRARY_DIR)/Frameworks";
				LD_RUNPATH_SEARCH_PATHS = "$(inherited) @executable_path/Frameworks @loader_path/Frameworks";
				PRODUCT_BUNDLE_IDENTIFIER = "de.cellular.components.ios.CellularLocalStorage-iOS";
				PRODUCT_NAME = LocalStorage;
				SKIP_INSTALL = YES;
				SWIFT_ACTIVE_COMPILATION_CONDITIONS = DEBUG;
				TARGETED_DEVICE_FAMILY = "1,2";
				VERSIONING_SYSTEM = "apple-generic";
				VERSION_INFO_PREFIX = "";
			};
			name = Debug;
		};
		C42BAC721E5B4FEB000E2FCE /* Release */ = {
			isa = XCBuildConfiguration;
			baseConfigurationReference = 3BD1E584625D19DB173855BD /* Pods-CellularLocalStorage iOS.release.xcconfig */;
			buildSettings = {
				CLANG_ANALYZER_NONNULL = YES;
				CLANG_WARN_DOCUMENTATION_COMMENTS = YES;
				CODE_SIGN_IDENTITY = "";
				CURRENT_PROJECT_VERSION = 1;
				DEFINES_MODULE = YES;
				DYLIB_COMPATIBILITY_VERSION = 1;
				DYLIB_CURRENT_VERSION = 1;
				DYLIB_INSTALL_NAME_BASE = "@rpath";
				INFOPLIST_FILE = "$(SRCROOT)/Supporting/Info.plist";
				INSTALL_PATH = "$(LOCAL_LIBRARY_DIR)/Frameworks";
				LD_RUNPATH_SEARCH_PATHS = "$(inherited) @executable_path/Frameworks @loader_path/Frameworks";
				PRODUCT_BUNDLE_IDENTIFIER = "de.cellular.components.ios.CellularLocalStorage-iOS";
				PRODUCT_NAME = LocalStorage;
				SKIP_INSTALL = YES;
				TARGETED_DEVICE_FAMILY = "1,2";
				VERSIONING_SYSTEM = "apple-generic";
				VERSION_INFO_PREFIX = "";
			};
			name = Release;
		};
		C4AADA251E5C43390026EB7A /* Debug */ = {
			isa = XCBuildConfiguration;
			buildSettings = {
				ASSETCATALOG_COMPILER_APPICON_NAME = AppIcon;
				CLANG_ANALYZER_NONNULL = YES;
				CLANG_WARN_DOCUMENTATION_COMMENTS = YES;
				DEBUG_INFORMATION_FORMAT = dwarf;
				INFOPLIST_FILE = "CellularLocalStorageTestHost iOS/Info.plist";
				LD_RUNPATH_SEARCH_PATHS = "$(inherited) @executable_path/Frameworks";
				PRODUCT_BUNDLE_IDENTIFIER = "de.cellular.CellularLocalStorageTestHost-iOS";
				PRODUCT_NAME = "$(TARGET_NAME)";
				SWIFT_ACTIVE_COMPILATION_CONDITIONS = DEBUG;
				TARGETED_DEVICE_FAMILY = "1,2";
			};
			name = Debug;
		};
		C4AADA261E5C43390026EB7A /* Release */ = {
			isa = XCBuildConfiguration;
			buildSettings = {
				ASSETCATALOG_COMPILER_APPICON_NAME = AppIcon;
				CLANG_ANALYZER_NONNULL = YES;
				CLANG_WARN_DOCUMENTATION_COMMENTS = YES;
				INFOPLIST_FILE = "CellularLocalStorageTestHost iOS/Info.plist";
				LD_RUNPATH_SEARCH_PATHS = "$(inherited) @executable_path/Frameworks";
				PRODUCT_BUNDLE_IDENTIFIER = "de.cellular.CellularLocalStorageTestHost-iOS";
				PRODUCT_NAME = "$(TARGET_NAME)";
				TARGETED_DEVICE_FAMILY = "1,2";
			};
			name = Release;
		};
		C4C84E571E966A8E00D53AFD /* Debug */ = {
			isa = XCBuildConfiguration;
			baseConfigurationReference = 5BFE867D71CA85A6EFC42815 /* Pods-CellularLocalStorage tvOS.debug.xcconfig */;
			buildSettings = {
				CLANG_ANALYZER_NONNULL = YES;
				CLANG_ANALYZER_NUMBER_OBJECT_CONVERSION = YES_AGGRESSIVE;
				CLANG_WARN_DOCUMENTATION_COMMENTS = YES;
				CODE_SIGN_IDENTITY = "";
				CURRENT_PROJECT_VERSION = 1;
				DEBUG_INFORMATION_FORMAT = dwarf;
				DEFINES_MODULE = YES;
				DEVELOPMENT_TEAM = AYW29B44VY;
				DYLIB_COMPATIBILITY_VERSION = 1;
				DYLIB_CURRENT_VERSION = 1;
				DYLIB_INSTALL_NAME_BASE = "@rpath";
				INFOPLIST_FILE = "$(SRCROOT)/Supporting/Info.plist";
				INSTALL_PATH = "$(LOCAL_LIBRARY_DIR)/Frameworks";
				LD_RUNPATH_SEARCH_PATHS = "$(inherited) @executable_path/Frameworks @loader_path/Frameworks";
				PRODUCT_BUNDLE_IDENTIFIER = "de.cellular.components.ios.CellularLocalStorage-tvOS";
				PRODUCT_NAME = LocalStorage;
				SDKROOT = appletvos;
				SKIP_INSTALL = YES;
				SWIFT_ACTIVE_COMPILATION_CONDITIONS = DEBUG;
				TARGETED_DEVICE_FAMILY = 3;
				TVOS_DEPLOYMENT_TARGET = 10.2;
				VERSIONING_SYSTEM = "apple-generic";
				VERSION_INFO_PREFIX = "";
			};
			name = Debug;
		};
		C4C84E581E966A8E00D53AFD /* Release */ = {
			isa = XCBuildConfiguration;
			baseConfigurationReference = 68B5871277A1F2EC778D224C /* Pods-CellularLocalStorage tvOS.release.xcconfig */;
			buildSettings = {
				CLANG_ANALYZER_NONNULL = YES;
				CLANG_ANALYZER_NUMBER_OBJECT_CONVERSION = YES_AGGRESSIVE;
				CLANG_WARN_DOCUMENTATION_COMMENTS = YES;
				CODE_SIGN_IDENTITY = "";
				CURRENT_PROJECT_VERSION = 1;
				DEFINES_MODULE = YES;
				DEVELOPMENT_TEAM = AYW29B44VY;
				DYLIB_COMPATIBILITY_VERSION = 1;
				DYLIB_CURRENT_VERSION = 1;
				DYLIB_INSTALL_NAME_BASE = "@rpath";
				INFOPLIST_FILE = "$(SRCROOT)/Supporting/Info.plist";
				INSTALL_PATH = "$(LOCAL_LIBRARY_DIR)/Frameworks";
				LD_RUNPATH_SEARCH_PATHS = "$(inherited) @executable_path/Frameworks @loader_path/Frameworks";
				PRODUCT_BUNDLE_IDENTIFIER = "de.cellular.components.ios.CellularLocalStorage-tvOS";
				PRODUCT_NAME = LocalStorage;
				SDKROOT = appletvos;
				SKIP_INSTALL = YES;
				TARGETED_DEVICE_FAMILY = 3;
				TVOS_DEPLOYMENT_TARGET = 10.2;
				VERSIONING_SYSTEM = "apple-generic";
				VERSION_INFO_PREFIX = "";
			};
			name = Release;
		};
		C4C84E651E966ABD00D53AFD /* Debug */ = {
			isa = XCBuildConfiguration;
			baseConfigurationReference = 5D0798B6D2134687B8D2E7A9 /* Pods-CellularLocalStorage watchOS.debug.xcconfig */;
			buildSettings = {
				APPLICATION_EXTENSION_API_ONLY = YES;
				CLANG_ANALYZER_NONNULL = YES;
				CLANG_ANALYZER_NUMBER_OBJECT_CONVERSION = YES_AGGRESSIVE;
				CLANG_WARN_DOCUMENTATION_COMMENTS = YES;
				CODE_SIGN_IDENTITY = "";
				CURRENT_PROJECT_VERSION = 1;
				DEBUG_INFORMATION_FORMAT = dwarf;
				DEFINES_MODULE = YES;
				DEVELOPMENT_TEAM = AYW29B44VY;
				DYLIB_COMPATIBILITY_VERSION = 1;
				DYLIB_CURRENT_VERSION = 1;
				DYLIB_INSTALL_NAME_BASE = "@rpath";
				INFOPLIST_FILE = "$(SRCROOT)/Supporting/Info.plist";
				INSTALL_PATH = "$(LOCAL_LIBRARY_DIR)/Frameworks";
				LD_RUNPATH_SEARCH_PATHS = "$(inherited) @executable_path/Frameworks @loader_path/Frameworks";
				PRODUCT_BUNDLE_IDENTIFIER = "de.cellular.components.ios.CellularLocalStorage-watchOS";
				PRODUCT_NAME = LocalStorage;
				SDKROOT = watchos;
				SKIP_INSTALL = YES;
				SWIFT_ACTIVE_COMPILATION_CONDITIONS = DEBUG;
				TARGETED_DEVICE_FAMILY = 4;
				VERSIONING_SYSTEM = "apple-generic";
				VERSION_INFO_PREFIX = "";
				WATCHOS_DEPLOYMENT_TARGET = 2.2;
			};
			name = Debug;
		};
		C4C84E661E966ABD00D53AFD /* Release */ = {
			isa = XCBuildConfiguration;
			baseConfigurationReference = A614149A8835ED0628956985 /* Pods-CellularLocalStorage watchOS.release.xcconfig */;
			buildSettings = {
				APPLICATION_EXTENSION_API_ONLY = YES;
				CLANG_ANALYZER_NONNULL = YES;
				CLANG_ANALYZER_NUMBER_OBJECT_CONVERSION = YES_AGGRESSIVE;
				CLANG_WARN_DOCUMENTATION_COMMENTS = YES;
				CODE_SIGN_IDENTITY = "";
				CURRENT_PROJECT_VERSION = 1;
				DEFINES_MODULE = YES;
				DEVELOPMENT_TEAM = AYW29B44VY;
				DYLIB_COMPATIBILITY_VERSION = 1;
				DYLIB_CURRENT_VERSION = 1;
				DYLIB_INSTALL_NAME_BASE = "@rpath";
				INFOPLIST_FILE = "$(SRCROOT)/Supporting/Info.plist";
				INSTALL_PATH = "$(LOCAL_LIBRARY_DIR)/Frameworks";
				LD_RUNPATH_SEARCH_PATHS = "$(inherited) @executable_path/Frameworks @loader_path/Frameworks";
				PRODUCT_BUNDLE_IDENTIFIER = "de.cellular.components.ios.CellularLocalStorage-watchOS";
				PRODUCT_NAME = LocalStorage;
				SDKROOT = watchos;
				SKIP_INSTALL = YES;
				TARGETED_DEVICE_FAMILY = 4;
				VERSIONING_SYSTEM = "apple-generic";
				VERSION_INFO_PREFIX = "";
				WATCHOS_DEPLOYMENT_TARGET = 2.2;
			};
			name = Release;
		};
		C4F786E0226F2B3F0064CBB0 /* Debug */ = {
			isa = XCBuildConfiguration;
			baseConfigurationReference = 0C54E0867C04699BD12B70C9 /* Pods-CellularLocalStorageTests iOS.debug.xcconfig */;
			buildSettings = {
				CLANG_ANALYZER_NONNULL = YES;
				CLANG_ANALYZER_NUMBER_OBJECT_CONVERSION = YES_AGGRESSIVE;
				CLANG_CXX_LANGUAGE_STANDARD = "gnu++14";
				CLANG_ENABLE_OBJC_WEAK = YES;
				CLANG_WARN_DOCUMENTATION_COMMENTS = YES;
				CLANG_WARN_UNGUARDED_AVAILABILITY = YES_AGGRESSIVE;
				CODE_SIGN_IDENTITY = "iPhone Developer";
				CODE_SIGN_STYLE = Automatic;
				DEBUG_INFORMATION_FORMAT = dwarf;
				DEVELOPMENT_TEAM = "";
				GCC_C_LANGUAGE_STANDARD = gnu11;
				INFOPLIST_FILE = "CellularLocalStorageTests iOS/Info.plist";
				LD_RUNPATH_SEARCH_PATHS = "$(inherited) @executable_path/Frameworks @loader_path/Frameworks";
				MTL_ENABLE_DEBUG_INFO = INCLUDE_SOURCE;
				MTL_FAST_MATH = YES;
				PRODUCT_BUNDLE_IDENTIFIER = "de.cellular.CellularLocalStorageTests-iOS";
				PRODUCT_NAME = "$(TARGET_NAME)";
				PROVISIONING_PROFILE_SPECIFIER = "";
				SWIFT_ACTIVE_COMPILATION_CONDITIONS = DEBUG;
				SWIFT_VERSION = 5.0;
				TARGETED_DEVICE_FAMILY = "1,2";
				TEST_HOST = "$(BUILT_PRODUCTS_DIR)/CellularLocalStorageTestHost iOS.app/CellularLocalStorageTestHost iOS";
			};
			name = Debug;
		};
		C4F786E1226F2B3F0064CBB0 /* Release */ = {
			isa = XCBuildConfiguration;
			baseConfigurationReference = E5B51C0EC12F8C9269243379 /* Pods-CellularLocalStorageTests iOS.release.xcconfig */;
			buildSettings = {
				CLANG_ANALYZER_NONNULL = YES;
				CLANG_ANALYZER_NUMBER_OBJECT_CONVERSION = YES_AGGRESSIVE;
				CLANG_CXX_LANGUAGE_STANDARD = "gnu++14";
				CLANG_ENABLE_OBJC_WEAK = YES;
				CLANG_WARN_DOCUMENTATION_COMMENTS = YES;
				CLANG_WARN_UNGUARDED_AVAILABILITY = YES_AGGRESSIVE;
				CODE_SIGN_IDENTITY = "iPhone Developer";
				CODE_SIGN_STYLE = Automatic;
				DEVELOPMENT_TEAM = "";
				GCC_C_LANGUAGE_STANDARD = gnu11;
				INFOPLIST_FILE = "CellularLocalStorageTests iOS/Info.plist";
				LD_RUNPATH_SEARCH_PATHS = "$(inherited) @executable_path/Frameworks @loader_path/Frameworks";
				MTL_FAST_MATH = YES;
				PRODUCT_BUNDLE_IDENTIFIER = "de.cellular.CellularLocalStorageTests-iOS";
				PRODUCT_NAME = "$(TARGET_NAME)";
				PROVISIONING_PROFILE_SPECIFIER = "";
				SWIFT_VERSION = 5.0;
				TARGETED_DEVICE_FAMILY = "1,2";
				TEST_HOST = "$(BUILT_PRODUCTS_DIR)/CellularLocalStorageTestHost iOS.app/CellularLocalStorageTestHost iOS";
			};
			name = Release;
		};
		C4F786FB226F343E0064CBB0 /* Debug */ = {
			isa = XCBuildConfiguration;
			baseConfigurationReference = E8924BE57A32A322E8FE9679 /* Pods-CellularLocalStorageTests tvOS.debug.xcconfig */;
			buildSettings = {
				CLANG_ANALYZER_NONNULL = YES;
				CLANG_ANALYZER_NUMBER_OBJECT_CONVERSION = YES_AGGRESSIVE;
				CLANG_CXX_LANGUAGE_STANDARD = "gnu++14";
				CLANG_ENABLE_OBJC_WEAK = YES;
				CLANG_WARN_DOCUMENTATION_COMMENTS = YES;
				CLANG_WARN_UNGUARDED_AVAILABILITY = YES_AGGRESSIVE;
				CODE_SIGN_STYLE = Automatic;
				DEBUG_INFORMATION_FORMAT = dwarf;
				GCC_C_LANGUAGE_STANDARD = gnu11;
				INFOPLIST_FILE = "CellularLocalStorageTests tvOS/Info.plist";
				LD_RUNPATH_SEARCH_PATHS = "$(inherited) @executable_path/Frameworks @loader_path/Frameworks";
				MTL_ENABLE_DEBUG_INFO = INCLUDE_SOURCE;
				MTL_FAST_MATH = YES;
				PRODUCT_BUNDLE_IDENTIFIER = "de.cellular.CellularLocalStorageTests-tvOS";
				PRODUCT_NAME = "$(TARGET_NAME)";
				SDKROOT = appletvos;
				SWIFT_ACTIVE_COMPILATION_CONDITIONS = DEBUG;
				SWIFT_VERSION = 5.0;
				TARGETED_DEVICE_FAMILY = 3;
				TEST_HOST = "$(BUILT_PRODUCTS_DIR)/CellularLocalStorageTestHost tvOS.app/CellularLocalStorageTestHost tvOS";
				TVOS_DEPLOYMENT_TARGET = 10.2;
			};
			name = Debug;
		};
		C4F786FC226F343E0064CBB0 /* Release */ = {
			isa = XCBuildConfiguration;
			baseConfigurationReference = 218A69F7B98659244EE7207F /* Pods-CellularLocalStorageTests tvOS.release.xcconfig */;
			buildSettings = {
				CLANG_ANALYZER_NONNULL = YES;
				CLANG_ANALYZER_NUMBER_OBJECT_CONVERSION = YES_AGGRESSIVE;
				CLANG_CXX_LANGUAGE_STANDARD = "gnu++14";
				CLANG_ENABLE_OBJC_WEAK = YES;
				CLANG_WARN_DOCUMENTATION_COMMENTS = YES;
				CLANG_WARN_UNGUARDED_AVAILABILITY = YES_AGGRESSIVE;
				CODE_SIGN_STYLE = Automatic;
				GCC_C_LANGUAGE_STANDARD = gnu11;
				INFOPLIST_FILE = "CellularLocalStorageTests tvOS/Info.plist";
				LD_RUNPATH_SEARCH_PATHS = "$(inherited) @executable_path/Frameworks @loader_path/Frameworks";
				MTL_FAST_MATH = YES;
				PRODUCT_BUNDLE_IDENTIFIER = "de.cellular.CellularLocalStorageTests-tvOS";
				PRODUCT_NAME = "$(TARGET_NAME)";
				SDKROOT = appletvos;
				SWIFT_VERSION = 5.0;
				TARGETED_DEVICE_FAMILY = 3;
				TEST_HOST = "$(BUILT_PRODUCTS_DIR)/CellularLocalStorageTestHost tvOS.app/CellularLocalStorageTestHost tvOS";
				TVOS_DEPLOYMENT_TARGET = 10.2;
			};
			name = Release;
		};
		C4F7870F226F34950064CBB0 /* Debug */ = {
			isa = XCBuildConfiguration;
			buildSettings = {
				ASSETCATALOG_COMPILER_APPICON_NAME = "App Icon & Top Shelf Image";
				ASSETCATALOG_COMPILER_LAUNCHIMAGE_NAME = LaunchImage;
				CLANG_ANALYZER_NONNULL = YES;
				CLANG_ANALYZER_NUMBER_OBJECT_CONVERSION = YES_AGGRESSIVE;
				CLANG_CXX_LANGUAGE_STANDARD = "gnu++14";
				CLANG_ENABLE_OBJC_WEAK = YES;
				CLANG_WARN_DOCUMENTATION_COMMENTS = YES;
				CLANG_WARN_UNGUARDED_AVAILABILITY = YES_AGGRESSIVE;
				CODE_SIGN_STYLE = Automatic;
				DEBUG_INFORMATION_FORMAT = dwarf;
				GCC_C_LANGUAGE_STANDARD = gnu11;
				INFOPLIST_FILE = "CellularLocalStorageTestHost tvOS/Info.plist";
				LD_RUNPATH_SEARCH_PATHS = "$(inherited) @executable_path/Frameworks";
				MTL_ENABLE_DEBUG_INFO = INCLUDE_SOURCE;
				MTL_FAST_MATH = YES;
				PRODUCT_BUNDLE_IDENTIFIER = "de.cellular.CellularLocalStorageTestHost-tvOS";
				PRODUCT_NAME = "$(TARGET_NAME)";
				SDKROOT = appletvos;
				SWIFT_ACTIVE_COMPILATION_CONDITIONS = DEBUG;
				SWIFT_VERSION = 5.0;
				TARGETED_DEVICE_FAMILY = 3;
				TVOS_DEPLOYMENT_TARGET = 10.2;
			};
			name = Debug;
		};
		C4F78710226F34950064CBB0 /* Release */ = {
			isa = XCBuildConfiguration;
			buildSettings = {
				ASSETCATALOG_COMPILER_APPICON_NAME = "App Icon & Top Shelf Image";
				ASSETCATALOG_COMPILER_LAUNCHIMAGE_NAME = LaunchImage;
				CLANG_ANALYZER_NONNULL = YES;
				CLANG_ANALYZER_NUMBER_OBJECT_CONVERSION = YES_AGGRESSIVE;
				CLANG_CXX_LANGUAGE_STANDARD = "gnu++14";
				CLANG_ENABLE_OBJC_WEAK = YES;
				CLANG_WARN_DOCUMENTATION_COMMENTS = YES;
				CLANG_WARN_UNGUARDED_AVAILABILITY = YES_AGGRESSIVE;
				CODE_SIGN_STYLE = Automatic;
				GCC_C_LANGUAGE_STANDARD = gnu11;
				INFOPLIST_FILE = "CellularLocalStorageTestHost tvOS/Info.plist";
				LD_RUNPATH_SEARCH_PATHS = "$(inherited) @executable_path/Frameworks";
				MTL_FAST_MATH = YES;
				PRODUCT_BUNDLE_IDENTIFIER = "de.cellular.CellularLocalStorageTestHost-tvOS";
				PRODUCT_NAME = "$(TARGET_NAME)";
				SDKROOT = appletvos;
				SWIFT_VERSION = 5.0;
				TARGETED_DEVICE_FAMILY = 3;
				TVOS_DEPLOYMENT_TARGET = 10.2;
			};
			name = Release;
		};
/* End XCBuildConfiguration section */

/* Begin XCConfigurationList section */
		607FACCB1AFB9204008FA782 /* Build configuration list for PBXProject "CellularLocalStorage" */ = {
			isa = XCConfigurationList;
			buildConfigurations = (
				607FACED1AFB9204008FA782 /* Debug */,
				607FACEE1AFB9204008FA782 /* Release */,
			);
			defaultConfigurationIsVisible = 0;
			defaultConfigurationName = Release;
		};
		C42BAC751E5B4FEB000E2FCE /* Build configuration list for PBXNativeTarget "CellularLocalStorage iOS" */ = {
			isa = XCConfigurationList;
			buildConfigurations = (
				C42BAC711E5B4FEB000E2FCE /* Debug */,
				C42BAC721E5B4FEB000E2FCE /* Release */,
			);
			defaultConfigurationIsVisible = 0;
			defaultConfigurationName = Release;
		};
		C4AADA241E5C43390026EB7A /* Build configuration list for PBXNativeTarget "CellularLocalStorageTestHost iOS" */ = {
			isa = XCConfigurationList;
			buildConfigurations = (
				C4AADA251E5C43390026EB7A /* Debug */,
				C4AADA261E5C43390026EB7A /* Release */,
			);
			defaultConfigurationIsVisible = 0;
			defaultConfigurationName = Release;
		};
		C4C84E591E966A8E00D53AFD /* Build configuration list for PBXNativeTarget "CellularLocalStorage tvOS" */ = {
			isa = XCConfigurationList;
			buildConfigurations = (
				C4C84E571E966A8E00D53AFD /* Debug */,
				C4C84E581E966A8E00D53AFD /* Release */,
			);
			defaultConfigurationIsVisible = 0;
			defaultConfigurationName = Release;
		};
		C4C84E641E966ABD00D53AFD /* Build configuration list for PBXNativeTarget "CellularLocalStorage watchOS" */ = {
			isa = XCConfigurationList;
			buildConfigurations = (
				C4C84E651E966ABD00D53AFD /* Debug */,
				C4C84E661E966ABD00D53AFD /* Release */,
			);
			defaultConfigurationIsVisible = 0;
			defaultConfigurationName = Release;
		};
		C4F786E2226F2B3F0064CBB0 /* Build configuration list for PBXNativeTarget "CellularLocalStorageTests iOS" */ = {
			isa = XCConfigurationList;
			buildConfigurations = (
				C4F786E0226F2B3F0064CBB0 /* Debug */,
				C4F786E1226F2B3F0064CBB0 /* Release */,
			);
			defaultConfigurationIsVisible = 0;
			defaultConfigurationName = Release;
		};
		C4F786FD226F343E0064CBB0 /* Build configuration list for PBXNativeTarget "CellularLocalStorageTests tvOS" */ = {
			isa = XCConfigurationList;
			buildConfigurations = (
				C4F786FB226F343E0064CBB0 /* Debug */,
				C4F786FC226F343E0064CBB0 /* Release */,
			);
			defaultConfigurationIsVisible = 0;
			defaultConfigurationName = Release;
		};
		C4F7870E226F34950064CBB0 /* Build configuration list for PBXNativeTarget "CellularLocalStorageTestHost tvOS" */ = {
			isa = XCConfigurationList;
			buildConfigurations = (
				C4F7870F226F34950064CBB0 /* Debug */,
				C4F78710226F34950064CBB0 /* Release */,
			);
			defaultConfigurationIsVisible = 0;
			defaultConfigurationName = Release;
		};
/* End XCConfigurationList section */
	};
	rootObject = 607FACC81AFB9204008FA782 /* Project object */;
}
