PODS:
  - CELLULAR/Locking (4.1.0)
  - CELLULAR/Result (4.1.0)
  - CellularLocalStorage/Core (4.1.0):
    - CELLULAR/Locking (~> 4.1.0)
    - CELLULAR/Result (~> 4.1.0)

DEPENDENCIES:
  - CELLULAR/Locking (~> 4.1.0)
  - CELLULAR/Result (~> 4.1.0)
  - CellularLocalStorage/Core (~> 4.1.0)

SPEC REPOS:
  https://github.com/cocoapods/specs.git:
    - CELLULAR
    - CellularLocalStorage

SPEC CHECKSUMS:
  CELLULAR: 6af608774a6d7fed3a77b998aac37e5c6750beec
  CellularLocalStorage: bd051e7714d035cbc25df11db7f6dc9413d1a7fb

PODFILE CHECKSUM: 42c1388a9ff296e31de63c191f0d905eb3f8db64

COCOAPODS: 1.5.3
