{
  "object": {
    "pins": [
      {
        "package": "CELLULAR",
        "repositoryURL": "https://github.com/cellular/cellular-swift.git",
        "state": {
          "branch": "feature/xcode_11.4",
          "revision": "78eebd953b4f4665cdae9b4e8a940d2fdc99d22c",
          "version": null
        }
      }
    ]
  },
  "version": 1
}
