{
  "object": {
    "pins": [
      {
        "package": "CELLULAR",
        "repositoryURL": "https://github.com/cellular/cellular-swift.git",
        "state": {
          "branch": null,
          "revision": "2e1108028fb08424a870ad5406c4757e35810330",
          "version": "6.0.1"
        }
      }
    ]
  },
  "version": 1
}
