PODS:
  - CELLULAR/Locking (4.1.0)
  - CELLULAR/Result (4.1.0)
  - SwiftLint (0.27.0)
  - Unbox (2.5.0)
  - Wrap (3.0.0)

DEPENDENCIES:
  - CELLULAR/Locking (~> 4.1.0)
  - CELLULAR/Result (~> 4.1.0)
  - SwiftLint (~> 0.27.0)
  - Unbox (~> 2.5.0)
  - Wrap (~> 3.0.0)

SPEC REPOS:
  https://github.com/cocoapods/specs.git:
    - CELLULAR
    - SwiftLint
    - Unbox
    - Wrap

SPEC CHECKSUMS:
  CELLULAR: 6af608774a6d7fed3a77b998aac37e5c6750beec
  SwiftLint: 3207c1faa2240bf8973b191820a116113cd11073
  Unbox: 30e437e6151a6de16139375fd4e8dd9a664cfbf7
  Wrap: 918fdb5157e4f701f9503b2633752d6f94616f84

PODFILE CHECKSUM: 2793819a99d307c527153d26fb3151104fe8cd7b

COCOAPODS: 1.5.3
