PODS:
  - CELLULAR/Locking (5.0)
  - SwiftLint (0.27.0)
  - Unbox (4.0.0)
  - Wrap (3.0.0)

DEPENDENCIES:
  - CELLULAR/Locking (~> 5.0.0)
  - SwiftLint (~> 0.27.0)
  - Unbox (~> 4.0.0)
  - Wrap (~> 3.0.0)

SPEC REPOS:
  https://github.com/cocoapods/specs.git:
    - CELLULAR
    - SwiftLint
    - Unbox
    - Wrap

SPEC CHECKSUMS:
  CELLULAR: b3549b2f9035296c3c0a33538f06d6e7b4892db3
  SwiftLint: 3207c1faa2240bf8973b191820a116113cd11073
  Unbox: d2677af8fde59a30141e02981b11cb6a0e3b6bc5
  Wrap: 918fdb5157e4f701f9503b2633752d6f94616f84

PODFILE CHECKSUM: fbccbfbbe162136f5b9fe53199820c808bfacf06

COCOAPODS: 1.6.1
